// !$*UTF8*$!
{
	archiveVersion = 1;
	classes = {
	};
	objectVersion = 77;
	objects = {

/* Begin PBXBuildFile section */
		140B02AD2EC8791E0005EE81 /* AuthenticationManager.swift in Sources */ = {isa = PBXBuildFile; fileRef = 140B029B2EC8791E0005EE81 /* AuthenticationManager.swift */; };
		140B02AF2EC8791E0005EE81 /* CreateLobbyView.swift in Sources */ = {isa = PBXBuildFile; fileRef = 140B029D2EC8791E0005EE81 /* CreateLobbyView.swift */; };
		140B02B02EC8791E0005EE81 /* DatabaseManager.swift in Sources */ = {isa = PBXBuildFile; fileRef = 140B029E2EC8791E0005EE81 /* DatabaseManager.swift */; };
		140B02B22EC8791E0005EE81 /* Game.swift in Sources */ = {isa = PBXBuildFile; fileRef = 140B02A02EC8791E0005EE81 /* Game.swift */; };
		140B02B32EC8791E0005EE81 /* HelperViewsActionButton.swift in Sources */ = {isa = PBXBuildFile; fileRef = 140B02A22EC8791E0005EE81 /* HelperViewsActionButton.swift */; };
		140B02B42EC8791E0005EE81 /* HelperViewsModernButtonStyle.swift in Sources */ = {isa = PBXBuildFile; fileRef = 140B02A32EC8791E0005EE81 /* HelperViewsModernButtonStyle.swift */; };
		140B02B52EC8791E0005EE81 /* HideAndCSeek50App.swift in Sources */ = {isa = PBXBuildFile; fileRef = 140B02A42EC8791E0005EE81 /* HideAndCSeek50App.swift */; };
		140B02B62EC8791E0005EE81 /* JoinLobbyView.swift in Sources */ = {isa = PBXBuildFile; fileRef = 140B02A62EC8791E0005EE81 /* JoinLobbyView.swift */; };
		140B02B72EC8791E0005EE81 /* LobbySettingsView.swift in Sources */ = {isa = PBXBuildFile; fileRef = 140B02A72EC8791E0005EE81 /* LobbySettingsView.swift */; };
		140B02B82EC8791E0005EE81 /* LobbyView.swift in Sources */ = {isa = PBXBuildFile; fileRef = 140B02A82EC8791E0005EE81 /* LobbyView.swift */; };
		140B02B92EC8791E0005EE81 /* MainView.swift in Sources */ = {isa = PBXBuildFile; fileRef = 140B02A92EC8791E0005EE81 /* MainView.swift */; };
		140B02BB2EC8791E0005EE81 /* QuickMatchView.swift in Sources */ = {isa = PBXBuildFile; fileRef = 140B02AB2EC8791E0005EE81 /* QuickMatchView.swift */; };
		140B02BF2EC8791E0005EE81 /* Assets.xcassets in Resources */ = {isa = PBXBuildFile; fileRef = 140B029A2EC8791E0005EE81 /* Assets.xcassets */; };
		140B02C02EC8791E0005EE81 /* GoogleService-Info.plist in Resources */ = {isa = PBXBuildFile; fileRef = 140B02A12EC8791E0005EE81 /* GoogleService-Info.plist */; };
		142066B62ECBDE200084F53C /* CityRegions.swift in Sources */ = {isa = PBXBuildFile; fileRef = 142066B52ECBDE200084F53C /* CityRegions.swift */; };
		142066BA2ECBDFF50084F53C /* LocationManager.swift in Sources */ = {isa = PBXBuildFile; fileRef = 142066B92ECBDFF50084F53C /* LocationManager.swift */; };
		1474BE742ED5164B00568A90 /* GameChat.swift in Sources */ = {isa = PBXBuildFile; fileRef = 1474BE6D2ED5164B00568A90 /* GameChat.swift */; };
		1474BE752ED5164B00568A90 /* GameMapView.swift in Sources */ = {isa = PBXBuildFile; fileRef = 1474BE6E2ED5164B00568A90 /* GameMapView.swift */; };
		1474BE762ED5164B00568A90 /* GameView.swift in Sources */ = {isa = PBXBuildFile; fileRef = 1474BE6F2ED5164B00568A90 /* GameView.swift */; };
		1474BE782ED5164B00568A90 /* QuestionView.swift in Sources */ = {isa = PBXBuildFile; fileRef = 1474BE712ED5164B00568A90 /* QuestionView.swift */; };
		1474BE7E2ED5165200568A90 /* AuthenticationView.swift in Sources */ = {isa = PBXBuildFile; fileRef = 1474BE7A2ED5165200568A90 /* AuthenticationView.swift */; };
		1474BE7F2ED5165200568A90 /* EmailSignInView.swift in Sources */ = {isa = PBXBuildFile; fileRef = 1474BE7B2ED5165200568A90 /* EmailSignInView.swift */; };
		1474BE802ED5165200568A90 /* ProfileView.swift in Sources */ = {isa = PBXBuildFile; fileRef = 1474BE7C2ED5165200568A90 /* ProfileView.swift */; };
		1474BE822ED5174100568A90 /* ma.json in Resources */ = {isa = PBXBuildFile; fileRef = 1474BE812ED5174100568A90 /* ma.json */; };
		1474BE862ED65F8200568A90 /* MainMapSearch.swift in Sources */ = {isa = PBXBuildFile; fileRef = 1474BE852ED65F8200568A90 /* MainMapSearch.swift */; };
		14E268EE2EC9648000FBCF90 /* Stats+History.swift in Sources */ = {isa = PBXBuildFile; fileRef = 14E268ED2EC9647900FBCF90 /* Stats+History.swift */; };
		14E268F02EC9649700FBCF90 /* Lobby.swift in Sources */ = {isa = PBXBuildFile; fileRef = 14E268EF2EC9649300FBCF90 /* Lobby.swift */; };
		14F2BED12EC842A400B5F06B /* FirebaseAuth in Frameworks */ = {isa = PBXBuildFile; productRef = 14F2BED02EC842A400B5F06B /* FirebaseAuth */; };
		14F2BED32EC842A400B5F06B /* FirebaseDatabase in Frameworks */ = {isa = PBXBuildFile; productRef = 14F2BED22EC842A400B5F06B /* FirebaseDatabase */; };
		14F2BED52EC842A400B5F06B /* FirebaseMessaging in Frameworks */ = {isa = PBXBuildFile; productRef = 14F2BED42EC842A400B5F06B /* FirebaseMessaging */; };
		14F2BED72EC842A400B5F06B /* FirebaseStorage in Frameworks */ = {isa = PBXBuildFile; productRef = 14F2BED62EC842A400B5F06B /* FirebaseStorage */; };
		14F2BEEA2EC844D400B5F06B /* GoogleSignIn in Frameworks */ = {isa = PBXBuildFile; productRef = 14F2BEE92EC844D400B5F06B /* GoogleSignIn */; };
		14F2BEEC2EC844D400B5F06B /* GoogleSignInSwift in Frameworks */ = {isa = PBXBuildFile; productRef = 14F2BEEB2EC844D400B5F06B /* GoogleSignInSwift */; };
		DAE3F4C42ED695680055DBAB /* DirectionsSheet.swift in Sources */ = {isa = PBXBuildFile; fileRef = DAE3F4C32ED695660055DBAB /* DirectionsSheet.swift */; };
/* End PBXBuildFile section */

/* Begin PBXFileReference section */
		140B02962EC8791E0005EE81 /* AUTHENTICATION.md */ = {isa = PBXFileReference; lastKnownFileType = net.daringfireball.markdown; path = AUTHENTICATION.md; sourceTree = "<group>"; };
		140B02972EC8791E0005EE81 /* DATABASE_SCHEMA_JSON.md */ = {isa = PBXFileReference; lastKnownFileType = net.daringfireball.markdown; path = DATABASE_SCHEMA_JSON.md; sourceTree = "<group>"; };
		140B02982EC8791E0005EE81 /* DATABASE_SCHEMA_OVERWIEW.md */ = {isa = PBXFileReference; lastKnownFileType = net.daringfireball.markdown; path = DATABASE_SCHEMA_OVERWIEW.md; sourceTree = "<group>"; };
		140B029A2EC8791E0005EE81 /* Assets.xcassets */ = {isa = PBXFileReference; lastKnownFileType = folder.assetcatalog; path = Assets.xcassets; sourceTree = "<group>"; };
		140B029B2EC8791E0005EE81 /* AuthenticationManager.swift */ = {isa = PBXFileReference; lastKnownFileType = sourcecode.swift; path = AuthenticationManager.swift; sourceTree = "<group>"; };
		140B029D2EC8791E0005EE81 /* CreateLobbyView.swift */ = {isa = PBXFileReference; lastKnownFileType = sourcecode.swift; path = CreateLobbyView.swift; sourceTree = "<group>"; };
		140B029E2EC8791E0005EE81 /* DatabaseManager.swift */ = {isa = PBXFileReference; lastKnownFileType = sourcecode.swift; path = DatabaseManager.swift; sourceTree = "<group>"; };
		140B02A02EC8791E0005EE81 /* Game.swift */ = {isa = PBXFileReference; lastKnownFileType = sourcecode.swift; path = Game.swift; sourceTree = "<group>"; };
		140B02A12EC8791E0005EE81 /* GoogleService-Info.plist */ = {isa = PBXFileReference; lastKnownFileType = text.plist.xml; path = "GoogleService-Info.plist"; sourceTree = "<group>"; };
		140B02A22EC8791E0005EE81 /* HelperViewsActionButton.swift */ = {isa = PBXFileReference; lastKnownFileType = sourcecode.swift; path = HelperViewsActionButton.swift; sourceTree = "<group>"; };
		140B02A32EC8791E0005EE81 /* HelperViewsModernButtonStyle.swift */ = {isa = PBXFileReference; lastKnownFileType = sourcecode.swift; path = HelperViewsModernButtonStyle.swift; sourceTree = "<group>"; };
		140B02A42EC8791E0005EE81 /* HideAndCSeek50App.swift */ = {isa = PBXFileReference; lastKnownFileType = sourcecode.swift; path = HideAndCSeek50App.swift; sourceTree = "<group>"; };
		140B02A52EC8791E0005EE81 /* Info.plist */ = {isa = PBXFileReference; lastKnownFileType = text.plist.xml; path = Info.plist; sourceTree = "<group>"; };
		140B02A62EC8791E0005EE81 /* JoinLobbyView.swift */ = {isa = PBXFileReference; lastKnownFileType = sourcecode.swift; path = JoinLobbyView.swift; sourceTree = "<group>"; };
		140B02A72EC8791E0005EE81 /* LobbySettingsView.swift */ = {isa = PBXFileReference; lastKnownFileType = sourcecode.swift; path = LobbySettingsView.swift; sourceTree = "<group>"; };
		140B02A82EC8791E0005EE81 /* LobbyView.swift */ = {isa = PBXFileReference; lastKnownFileType = sourcecode.swift; path = LobbyView.swift; sourceTree = "<group>"; };
		140B02A92EC8791E0005EE81 /* MainView.swift */ = {isa = PBXFileReference; lastKnownFileType = sourcecode.swift; path = MainView.swift; sourceTree = "<group>"; };
		140B02AB2EC8791E0005EE81 /* QuickMatchView.swift */ = {isa = PBXFileReference; lastKnownFileType = sourcecode.swift; path = QuickMatchView.swift; sourceTree = "<group>"; };
		142066B02ECBCBB40084F53C /* HideAndCSeek50.app */ = {isa = PBXFileReference; explicitFileType = wrapper.application; includeInIndex = 0; path = HideAndCSeek50.app; sourceTree = BUILT_PRODUCTS_DIR; };
		142066B52ECBDE200084F53C /* CityRegions.swift */ = {isa = PBXFileReference; lastKnownFileType = sourcecode.swift; path = CityRegions.swift; sourceTree = "<group>"; };
		142066B92ECBDFF50084F53C /* LocationManager.swift */ = {isa = PBXFileReference; lastKnownFileType = sourcecode.swift; path = LocationManager.swift; sourceTree = "<group>"; };
		1474BE6D2ED5164B00568A90 /* GameChat.swift */ = {isa = PBXFileReference; lastKnownFileType = sourcecode.swift; path = GameChat.swift; sourceTree = "<group>"; };
		1474BE6E2ED5164B00568A90 /* GameMapView.swift */ = {isa = PBXFileReference; lastKnownFileType = sourcecode.swift; path = GameMapView.swift; sourceTree = "<group>"; };
		1474BE6F2ED5164B00568A90 /* GameView.swift */ = {isa = PBXFileReference; lastKnownFileType = sourcecode.swift; path = GameView.swift; sourceTree = "<group>"; };
		1474BE712ED5164B00568A90 /* QuestionView.swift */ = {isa = PBXFileReference; lastKnownFileType = sourcecode.swift; path = QuestionView.swift; sourceTree = "<group>"; };
		1474BE7A2ED5165200568A90 /* AuthenticationView.swift */ = {isa = PBXFileReference; lastKnownFileType = sourcecode.swift; path = AuthenticationView.swift; sourceTree = "<group>"; };
		1474BE7B2ED5165200568A90 /* EmailSignInView.swift */ = {isa = PBXFileReference; lastKnownFileType = sourcecode.swift; path = EmailSignInView.swift; sourceTree = "<group>"; };
		1474BE7C2ED5165200568A90 /* ProfileView.swift */ = {isa = PBXFileReference; lastKnownFileType = sourcecode.swift; path = ProfileView.swift; sourceTree = "<group>"; };
		1474BE812ED5174100568A90 /* ma.json */ = {isa = PBXFileReference; lastKnownFileType = text.json; path = ma.json; sourceTree = "<group>"; };
		1474BE852ED65F8200568A90 /* MainMapSearch.swift */ = {isa = PBXFileReference; lastKnownFileType = sourcecode.swift; path = MainMapSearch.swift; sourceTree = "<group>"; };
		14E268ED2EC9647900FBCF90 /* Stats+History.swift */ = {isa = PBXFileReference; lastKnownFileType = sourcecode.swift; path = "Stats+History.swift"; sourceTree = "<group>"; };
		14E268EF2EC9649300FBCF90 /* Lobby.swift */ = {isa = PBXFileReference; lastKnownFileType = sourcecode.swift; path = Lobby.swift; sourceTree = "<group>"; };
		DAE3F4C32ED695660055DBAB /* DirectionsSheet.swift */ = {isa = PBXFileReference; lastKnownFileType = sourcecode.swift; path = DirectionsSheet.swift; sourceTree = "<group>"; };
/* End PBXFileReference section */

/* Begin PBXFrameworksBuildPhase section */
		14F2BEBC2EC840A100B5F06B /* Frameworks */ = {
			isa = PBXFrameworksBuildPhase;
			buildActionMask = 2147483647;
			files = (
				14F2BEEA2EC844D400B5F06B /* GoogleSignIn in Frameworks */,
				14F2BED52EC842A400B5F06B /* FirebaseMessaging in Frameworks */,
				14F2BED72EC842A400B5F06B /* FirebaseStorage in Frameworks */,
				14F2BEEC2EC844D400B5F06B /* GoogleSignInSwift in Frameworks */,
				14F2BED32EC842A400B5F06B /* FirebaseDatabase in Frameworks */,
				14F2BED12EC842A400B5F06B /* FirebaseAuth in Frameworks */,
			);
			runOnlyForDeploymentPostprocessing = 0;
		};
/* End PBXFrameworksBuildPhase section */

/* Begin PBXGroup section */
		140B02992EC8791E0005EE81 /* Markdown */ = {
			isa = PBXGroup;
			children = (
				140B02962EC8791E0005EE81 /* AUTHENTICATION.md */,
				140B02972EC8791E0005EE81 /* DATABASE_SCHEMA_JSON.md */,
				140B02982EC8791E0005EE81 /* DATABASE_SCHEMA_OVERWIEW.md */,
			);
			path = Markdown;
			sourceTree = "<group>";
		};
		140B02AC2EC8791E0005EE81 /* HideAndCSeek50 */ = {
			isa = PBXGroup;
			children = (
				14E268EC2EC9642F00FBCF90 /* API */,
				14E268EB2EC9641A00FBCF90 /* Views */,
				14E268F12EC964D400FBCF90 /* Models */,
				14E268E92EC963CC00FBCF90 /* Styles */,
				140B02A42EC8791E0005EE81 /* HideAndCSeek50App.swift */,
				14E268EA2EC963ED00FBCF90 /* Resources */,
				140B02992EC8791E0005EE81 /* Markdown */,
			);
			path = HideAndCSeek50;
			sourceTree = "<group>";
		};
		1474BE732ED5164B00568A90 /* Gameplay */ = {
			isa = PBXGroup;
			children = (
				1474BE6D2ED5164B00568A90 /* GameChat.swift */,
				1474BE6E2ED5164B00568A90 /* GameMapView.swift */,
				1474BE6F2ED5164B00568A90 /* GameView.swift */,
				1474BE712ED5164B00568A90 /* QuestionView.swift */,
			);
			path = Gameplay;
			sourceTree = "<group>";
		};
		1474BE7D2ED5165200568A90 /* Login */ = {
			isa = PBXGroup;
			children = (
				1474BE7A2ED5165200568A90 /* AuthenticationView.swift */,
				1474BE7B2ED5165200568A90 /* EmailSignInView.swift */,
				1474BE7C2ED5165200568A90 /* ProfileView.swift */,
			);
			path = Login;
			sourceTree = "<group>";
		};
		14E268E92EC963CC00FBCF90 /* Styles */ = {
			isa = PBXGroup;
			children = (
				140B02A22EC8791E0005EE81 /* HelperViewsActionButton.swift */,
				140B02A32EC8791E0005EE81 /* HelperViewsModernButtonStyle.swift */,
			);
			path = Styles;
			sourceTree = "<group>";
		};
		14E268EA2EC963ED00FBCF90 /* Resources */ = {
			isa = PBXGroup;
			children = (
				1474BE812ED5174100568A90 /* ma.json */,
				140B029A2EC8791E0005EE81 /* Assets.xcassets */,
				140B02A12EC8791E0005EE81 /* GoogleService-Info.plist */,
				140B02A52EC8791E0005EE81 /* Info.plist */,
			);
			path = Resources;
			sourceTree = "<group>";
		};
		14E268EB2EC9641A00FBCF90 /* Views */ = {
			isa = PBXGroup;
			children = (
				140B02A92EC8791E0005EE81 /* MainView.swift */,
				1474BE7D2ED5165200568A90 /* Login */,
				14E268F22EC9653800FBCF90 /* Lobby */,
				1474BE732ED5164B00568A90 /* Gameplay */,
			);
			path = Views;
			sourceTree = "<group>";
		};
		14E268EC2EC9642F00FBCF90 /* API */ = {
			isa = PBXGroup;
			children = (
				142066B92ECBDFF50084F53C /* LocationManager.swift */,
				140B029B2EC8791E0005EE81 /* AuthenticationManager.swift */,
				140B029E2EC8791E0005EE81 /* DatabaseManager.swift */,
			);
			path = API;
			sourceTree = "<group>";
		};
		14E268F12EC964D400FBCF90 /* Models */ = {
			isa = PBXGroup;
			children = (
				140B02A02EC8791E0005EE81 /* Game.swift */,
				14E268EF2EC9649300FBCF90 /* Lobby.swift */,
				14E268ED2EC9647900FBCF90 /* Stats+History.swift */,
				142066B52ECBDE200084F53C /* CityRegions.swift */,
				1474BE852ED65F8200568A90 /* MainMapSearch.swift */,
				DAE3F4C32ED695660055DBAB /* DirectionsSheet.swift */,
			);
			path = Models;
			sourceTree = "<group>";
		};
		14E268F22EC9653800FBCF90 /* Lobby */ = {
			isa = PBXGroup;
			children = (
				140B029D2EC8791E0005EE81 /* CreateLobbyView.swift */,
				140B02A62EC8791E0005EE81 /* JoinLobbyView.swift */,
				140B02A82EC8791E0005EE81 /* LobbyView.swift */,
				140B02A72EC8791E0005EE81 /* LobbySettingsView.swift */,
				140B02AB2EC8791E0005EE81 /* QuickMatchView.swift */,
			);
			path = Lobby;
			sourceTree = "<group>";
		};
		14F2BEB62EC840A100B5F06B = {
			isa = PBXGroup;
			children = (
				140B02AC2EC8791E0005EE81 /* HideAndCSeek50 */,
				142066B02ECBCBB40084F53C /* HideAndCSeek50.app */,
			);
			sourceTree = "<group>";
		};
/* End PBXGroup section */

/* Begin PBXNativeTarget section */
		14F2BEBE2EC840A100B5F06B /* HideAndCSeek50 */ = {
			isa = PBXNativeTarget;
			buildConfigurationList = 14F2BECA2EC840A300B5F06B /* Build configuration list for PBXNativeTarget "HideAndCSeek50" */;
			buildPhases = (
				14F2BEBB2EC840A100B5F06B /* Sources */,
				14F2BEBC2EC840A100B5F06B /* Frameworks */,
				14F2BEBD2EC840A100B5F06B /* Resources */,
			);
			buildRules = (
			);
			dependencies = (
			);
			name = HideAndCSeek50;
			packageProductDependencies = (
				14F2BED02EC842A400B5F06B /* FirebaseAuth */,
				14F2BED22EC842A400B5F06B /* FirebaseDatabase */,
				14F2BED42EC842A400B5F06B /* FirebaseMessaging */,
				14F2BED62EC842A400B5F06B /* FirebaseStorage */,
				14F2BEE92EC844D400B5F06B /* GoogleSignIn */,
				14F2BEEB2EC844D400B5F06B /* GoogleSignInSwift */,
			);
			productName = HideAndCSeek50;
			productReference = 142066B02ECBCBB40084F53C /* HideAndCSeek50.app */;
			productType = "com.apple.product-type.application";
		};
/* End PBXNativeTarget section */

/* Begin PBXProject section */
		14F2BEB72EC840A100B5F06B /* Project object */ = {
			isa = PBXProject;
			attributes = {
				BuildIndependentTargetsInParallel = 1;
				LastSwiftUpdateCheck = 2600;
				LastUpgradeCheck = 2600;
				TargetAttributes = {
					14F2BEBE2EC840A100B5F06B = {
						CreatedOnToolsVersion = 26.0.1;
					};
				};
			};
			buildConfigurationList = 14F2BEBA2EC840A100B5F06B /* Build configuration list for PBXProject "HideAndCSeek50" */;
			developmentRegion = en;
			hasScannedForEncodings = 0;
			knownRegions = (
				en,
				Base,
			);
			mainGroup = 14F2BEB62EC840A100B5F06B;
			minimizedProjectReferenceProxies = 1;
			packageReferences = (
				14F2BECF2EC842A400B5F06B /* XCRemoteSwiftPackageReference "firebase-ios-sdk" */,
				14F2BEE82EC844D400B5F06B /* XCRemoteSwiftPackageReference "GoogleSignIn-iOS" */,
			);
			preferredProjectObjectVersion = 77;
			productRefGroup = 14F2BEB62EC840A100B5F06B;
			projectDirPath = "";
			projectRoot = "";
			targets = (
				14F2BEBE2EC840A100B5F06B /* HideAndCSeek50 */,
			);
		};
/* End PBXProject section */

/* Begin PBXResourcesBuildPhase section */
		14F2BEBD2EC840A100B5F06B /* Resources */ = {
			isa = PBXResourcesBuildPhase;
			buildActionMask = 2147483647;
			files = (
				1474BE822ED5174100568A90 /* ma.json in Resources */,
				140B02BF2EC8791E0005EE81 /* Assets.xcassets in Resources */,
				140B02C02EC8791E0005EE81 /* GoogleService-Info.plist in Resources */,
			);
			runOnlyForDeploymentPostprocessing = 0;
		};
/* End PBXResourcesBuildPhase section */

/* Begin PBXSourcesBuildPhase section */
		14F2BEBB2EC840A100B5F06B /* Sources */ = {
			isa = PBXSourcesBuildPhase;
			buildActionMask = 2147483647;
			files = (
				140B02AD2EC8791E0005EE81 /* AuthenticationManager.swift in Sources */,
				140B02AF2EC8791E0005EE81 /* CreateLobbyView.swift in Sources */,
				140B02B02EC8791E0005EE81 /* DatabaseManager.swift in Sources */,
				140B02B22EC8791E0005EE81 /* Game.swift in Sources */,
				140B02B32EC8791E0005EE81 /* HelperViewsActionButton.swift in Sources */,
				1474BE7E2ED5165200568A90 /* AuthenticationView.swift in Sources */,
				1474BE862ED65F8200568A90 /* MainMapSearch.swift in Sources */,
				1474BE7F2ED5165200568A90 /* EmailSignInView.swift in Sources */,
				1474BE802ED5165200568A90 /* ProfileView.swift in Sources */,
				14E268F02EC9649700FBCF90 /* Lobby.swift in Sources */,
				140B02B42EC8791E0005EE81 /* HelperViewsModernButtonStyle.swift in Sources */,
				1474BE742ED5164B00568A90 /* GameChat.swift in Sources */,
				1474BE752ED5164B00568A90 /* GameMapView.swift in Sources */,
				1474BE762ED5164B00568A90 /* GameView.swift in Sources */,
				1474BE782ED5164B00568A90 /* QuestionView.swift in Sources */,
				140B02B52EC8791E0005EE81 /* HideAndCSeek50App.swift in Sources */,
				140B02B62EC8791E0005EE81 /* JoinLobbyView.swift in Sources */,
				142066B62ECBDE200084F53C /* CityRegions.swift in Sources */,
				142066BA2ECBDFF50084F53C /* LocationManager.swift in Sources */,
				14E268EE2EC9648000FBCF90 /* Stats+History.swift in Sources */,
				140B02B72EC8791E0005EE81 /* LobbySettingsView.swift in Sources */,
				140B02B82EC8791E0005EE81 /* LobbyView.swift in Sources */,
				140B02B92EC8791E0005EE81 /* MainView.swift in Sources */,
				DAE3F4C42ED695680055DBAB /* DirectionsSheet.swift in Sources */,
				140B02BB2EC8791E0005EE81 /* QuickMatchView.swift in Sources */,
			);
			runOnlyForDeploymentPostprocessing = 0;
		};
/* End PBXSourcesBuildPhase section */

/* Begin XCBuildConfiguration section */
		14F2BEC82EC840A300B5F06B /* Debug */ = {
			isa = XCBuildConfiguration;
			buildSettings = {
				ALWAYS_SEARCH_USER_PATHS = NO;
				ASSETCATALOG_COMPILER_GENERATE_SWIFT_ASSET_SYMBOL_EXTENSIONS = YES;
				CLANG_ANALYZER_NONNULL = YES;
				CLANG_ANALYZER_NUMBER_OBJECT_CONVERSION = YES_AGGRESSIVE;
				CLANG_CXX_LANGUAGE_STANDARD = "gnu++20";
				CLANG_ENABLE_MODULES = YES;
				CLANG_ENABLE_OBJC_ARC = YES;
				CLANG_ENABLE_OBJC_WEAK = YES;
				CLANG_WARN_BLOCK_CAPTURE_AUTORELEASING = YES;
				CLANG_WARN_BOOL_CONVERSION = YES;
				CLANG_WARN_COMMA = YES;
				CLANG_WARN_CONSTANT_CONVERSION = YES;
				CLANG_WARN_DEPRECATED_OBJC_IMPLEMENTATIONS = YES;
				CLANG_WARN_DIRECT_OBJC_ISA_USAGE = YES_ERROR;
				CLANG_WARN_DOCUMENTATION_COMMENTS = YES;
				CLANG_WARN_EMPTY_BODY = YES;
				CLANG_WARN_ENUM_CONVERSION = YES;
				CLANG_WARN_INFINITE_RECURSION = YES;
				CLANG_WARN_INT_CONVERSION = YES;
				CLANG_WARN_NON_LITERAL_NULL_CONVERSION = YES;
				CLANG_WARN_OBJC_IMPLICIT_RETAIN_SELF = YES;
				CLANG_WARN_OBJC_LITERAL_CONVERSION = YES;
				CLANG_WARN_OBJC_ROOT_CLASS = YES_ERROR;
				CLANG_WARN_QUOTED_INCLUDE_IN_FRAMEWORK_HEADER = YES;
				CLANG_WARN_RANGE_LOOP_ANALYSIS = YES;
				CLANG_WARN_STRICT_PROTOTYPES = YES;
				CLANG_WARN_SUSPICIOUS_MOVE = YES;
				CLANG_WARN_UNGUARDED_AVAILABILITY = YES_AGGRESSIVE;
				CLANG_WARN_UNREACHABLE_CODE = YES;
				CLANG_WARN__DUPLICATE_METHOD_MATCH = YES;
				COPY_PHASE_STRIP = NO;
				DEBUG_INFORMATION_FORMAT = dwarf;
				ENABLE_STRICT_OBJC_MSGSEND = YES;
				ENABLE_TESTABILITY = YES;
				ENABLE_USER_SCRIPT_SANDBOXING = YES;
				GCC_C_LANGUAGE_STANDARD = gnu17;
				GCC_DYNAMIC_NO_PIC = NO;
				GCC_NO_COMMON_BLOCKS = YES;
				GCC_OPTIMIZATION_LEVEL = 0;
				GCC_PREPROCESSOR_DEFINITIONS = (
					"DEBUG=1",
					"$(inherited)",
				);
				GCC_WARN_64_TO_32_BIT_CONVERSION = YES;
				GCC_WARN_ABOUT_RETURN_TYPE = YES_ERROR;
				GCC_WARN_UNDECLARED_SELECTOR = YES;
				GCC_WARN_UNINITIALIZED_AUTOS = YES_AGGRESSIVE;
				GCC_WARN_UNUSED_FUNCTION = YES;
				GCC_WARN_UNUSED_VARIABLE = YES;
				IPHONEOS_DEPLOYMENT_TARGET = 26.0;
				LOCALIZATION_PREFERS_STRING_CATALOGS = YES;
				MTL_ENABLE_DEBUG_INFO = INCLUDE_SOURCE;
				MTL_FAST_MATH = YES;
				ONLY_ACTIVE_ARCH = YES;
				SDKROOT = iphoneos;
				SWIFT_ACTIVE_COMPILATION_CONDITIONS = "DEBUG $(inherited)";
				SWIFT_OPTIMIZATION_LEVEL = "-Onone";
			};
			name = Debug;
		};
		14F2BEC92EC840A300B5F06B /* Release */ = {
			isa = XCBuildConfiguration;
			buildSettings = {
				ALWAYS_SEARCH_USER_PATHS = NO;
				ASSETCATALOG_COMPILER_GENERATE_SWIFT_ASSET_SYMBOL_EXTENSIONS = YES;
				CLANG_ANALYZER_NONNULL = YES;
				CLANG_ANALYZER_NUMBER_OBJECT_CONVERSION = YES_AGGRESSIVE;
				CLANG_CXX_LANGUAGE_STANDARD = "gnu++20";
				CLANG_ENABLE_MODULES = YES;
				CLANG_ENABLE_OBJC_ARC = YES;
				CLANG_ENABLE_OBJC_WEAK = YES;
				CLANG_WARN_BLOCK_CAPTURE_AUTORELEASING = YES;
				CLANG_WARN_BOOL_CONVERSION = YES;
				CLANG_WARN_COMMA = YES;
				CLANG_WARN_CONSTANT_CONVERSION = YES;
				CLANG_WARN_DEPRECATED_OBJC_IMPLEMENTATIONS = YES;
				CLANG_WARN_DIRECT_OBJC_ISA_USAGE = YES_ERROR;
				CLANG_WARN_DOCUMENTATION_COMMENTS = YES;
				CLANG_WARN_EMPTY_BODY = YES;
				CLANG_WARN_ENUM_CONVERSION = YES;
				CLANG_WARN_INFINITE_RECURSION = YES;
				CLANG_WARN_INT_CONVERSION = YES;
				CLANG_WARN_NON_LITERAL_NULL_CONVERSION = YES;
				CLANG_WARN_OBJC_IMPLICIT_RETAIN_SELF = YES;
				CLANG_WARN_OBJC_LITERAL_CONVERSION = YES;
				CLANG_WARN_OBJC_ROOT_CLASS = YES_ERROR;
				CLANG_WARN_QUOTED_INCLUDE_IN_FRAMEWORK_HEADER = YES;
				CLANG_WARN_RANGE_LOOP_ANALYSIS = YES;
				CLANG_WARN_STRICT_PROTOTYPES = YES;
				CLANG_WARN_SUSPICIOUS_MOVE = YES;
				CLANG_WARN_UNGUARDED_AVAILABILITY = YES_AGGRESSIVE;
				CLANG_WARN_UNREACHABLE_CODE = YES;
				CLANG_WARN__DUPLICATE_METHOD_MATCH = YES;
				COPY_PHASE_STRIP = NO;
				DEBUG_INFORMATION_FORMAT = "dwarf-with-dsym";
				ENABLE_NS_ASSERTIONS = NO;
				ENABLE_STRICT_OBJC_MSGSEND = YES;
				ENABLE_USER_SCRIPT_SANDBOXING = YES;
				GCC_C_LANGUAGE_STANDARD = gnu17;
				GCC_NO_COMMON_BLOCKS = YES;
				GCC_WARN_64_TO_32_BIT_CONVERSION = YES;
				GCC_WARN_ABOUT_RETURN_TYPE = YES_ERROR;
				GCC_WARN_UNDECLARED_SELECTOR = YES;
				GCC_WARN_UNINITIALIZED_AUTOS = YES_AGGRESSIVE;
				GCC_WARN_UNUSED_FUNCTION = YES;
				GCC_WARN_UNUSED_VARIABLE = YES;
				IPHONEOS_DEPLOYMENT_TARGET = 26.0;
				LOCALIZATION_PREFERS_STRING_CATALOGS = YES;
				MTL_ENABLE_DEBUG_INFO = NO;
				MTL_FAST_MATH = YES;
				SDKROOT = iphoneos;
				SWIFT_COMPILATION_MODE = wholemodule;
				VALIDATE_PRODUCT = YES;
			};
			name = Release;
		};
		14F2BECB2EC840A300B5F06B /* Debug */ = {
			isa = XCBuildConfiguration;
			buildSettings = {
				ASSETCATALOG_COMPILER_APPICON_NAME = AppIcon;
				ASSETCATALOG_COMPILER_GLOBAL_ACCENT_COLOR_NAME = AccentColor;
				CODE_SIGN_STYLE = Automatic;
				CURRENT_PROJECT_VERSION = 1;
				DEVELOPMENT_TEAM = 2594GP44RQ;
				ENABLE_PREVIEWS = YES;
				GENERATE_INFOPLIST_FILE = NO;
				INFOPLIST_FILE = HideAndCSeek50/Resources/Info.plist;
				INFOPLIST_KEY_UIApplicationSceneManifest_Generation = YES;
				INFOPLIST_KEY_UIApplicationSupportsIndirectInputEvents = YES;
				INFOPLIST_KEY_UILaunchScreen_Generation = YES;
				INFOPLIST_KEY_UISupportedInterfaceOrientations_iPad = "UIInterfaceOrientationPortrait UIInterfaceOrientationPortraitUpsideDown UIInterfaceOrientationLandscapeLeft UIInterfaceOrientationLandscapeRight";
				INFOPLIST_KEY_UISupportedInterfaceOrientations_iPhone = "UIInterfaceOrientationPortrait UIInterfaceOrientationLandscapeLeft UIInterfaceOrientationLandscapeRight";
				LD_RUNPATH_SEARCH_PATHS = (
					"$(inherited)",
					"@executable_path/Frameworks",
				);
				MARKETING_VERSION = 1.0;
				PRODUCT_BUNDLE_IDENTIFIER = com.NoahBrauner.HideAndCSeek50;
				PRODUCT_NAME = "$(TARGET_NAME)";
				STRING_CATALOG_GENERATE_SYMBOLS = YES;
				SWIFT_APPROACHABLE_CONCURRENCY = YES;
				SWIFT_DEFAULT_ACTOR_ISOLATION = MainActor;
				SWIFT_EMIT_LOC_STRINGS = YES;
				SWIFT_UPCOMING_FEATURE_MEMBER_IMPORT_VISIBILITY = YES;
				SWIFT_VERSION = 5.0;
				TARGETED_DEVICE_FAMILY = "1,2";
			};
			name = Debug;
		};
		14F2BECC2EC840A300B5F06B /* Release */ = {
			isa = XCBuildConfiguration;
			buildSettings = {
				ASSETCATALOG_COMPILER_APPICON_NAME = AppIcon;
				ASSETCATALOG_COMPILER_GLOBAL_ACCENT_COLOR_NAME = AccentColor;
				CODE_SIGN_STYLE = Automatic;
				CURRENT_PROJECT_VERSION = 1;
				DEVELOPMENT_TEAM = 2594GP44RQ;
				ENABLE_PREVIEWS = YES;
				GENERATE_INFOPLIST_FILE = NO;
				INFOPLIST_FILE = HideAndCSeek50/Resources/Info.plist;
				INFOPLIST_KEY_UIApplicationSceneManifest_Generation = YES;
				INFOPLIST_KEY_UIApplicationSupportsIndirectInputEvents = YES;
				INFOPLIST_KEY_UILaunchScreen_Generation = YES;
				INFOPLIST_KEY_UISupportedInterfaceOrientations_iPad = "UIInterfaceOrientationPortrait UIInterfaceOrientationPortraitUpsideDown UIInterfaceOrientationLandscapeLeft UIInterfaceOrientationLandscapeRight";
				INFOPLIST_KEY_UISupportedInterfaceOrientations_iPhone = "UIInterfaceOrientationPortrait UIInterfaceOrientationLandscapeLeft UIInterfaceOrientationLandscapeRight";
				LD_RUNPATH_SEARCH_PATHS = (
					"$(inherited)",
					"@executable_path/Frameworks",
				);
				MARKETING_VERSION = 1.0;
				PRODUCT_BUNDLE_IDENTIFIER = com.NoahBrauner.HideAndCSeek50;
				PRODUCT_NAME = "$(TARGET_NAME)";
				STRING_CATALOG_GENERATE_SYMBOLS = YES;
				SWIFT_APPROACHABLE_CONCURRENCY = YES;
				SWIFT_DEFAULT_ACTOR_ISOLATION = MainActor;
				SWIFT_EMIT_LOC_STRINGS = YES;
				SWIFT_UPCOMING_FEATURE_MEMBER_IMPORT_VISIBILITY = YES;
				SWIFT_VERSION = 5.0;
				TARGETED_DEVICE_FAMILY = "1,2";
			};
			name = Release;
		};
/* End XCBuildConfiguration section */

/* Begin XCConfigurationList section */
		14F2BEBA2EC840A100B5F06B /* Build configuration list for PBXProject "HideAndCSeek50" */ = {
			isa = XCConfigurationList;
			buildConfigurations = (
				14F2BEC82EC840A300B5F06B /* Debug */,
				14F2BEC92EC840A300B5F06B /* Release */,
			);
			defaultConfigurationIsVisible = 0;
			defaultConfigurationName = Release;
		};
		14F2BECA2EC840A300B5F06B /* Build configuration list for PBXNativeTarget "HideAndCSeek50" */ = {
			isa = XCConfigurationList;
			buildConfigurations = (
				14F2BECB2EC840A300B5F06B /* Debug */,
				14F2BECC2EC840A300B5F06B /* Release */,
			);
			defaultConfigurationIsVisible = 0;
			defaultConfigurationName = Release;
		};
/* End XCConfigurationList section */

/* Begin XCRemoteSwiftPackageReference section */
		14F2BECF2EC842A400B5F06B /* XCRemoteSwiftPackageReference "firebase-ios-sdk" */ = {
			isa = XCRemoteSwiftPackageReference;
			repositoryURL = "https://github.com/firebase/firebase-ios-sdk";
			requirement = {
				kind = upToNextMajorVersion;
				minimumVersion = 12.6.0;
			};
		};
		14F2BEE82EC844D400B5F06B /* XCRemoteSwiftPackageReference "GoogleSignIn-iOS" */ = {
			isa = XCRemoteSwiftPackageReference;
			repositoryURL = "https://github.com/google/GoogleSignIn-iOS";
			requirement = {
				kind = upToNextMajorVersion;
				minimumVersion = 9.0.0;
			};
		};
/* End XCRemoteSwiftPackageReference section */

/* Begin XCSwiftPackageProductDependency section */
		14F2BED02EC842A400B5F06B /* FirebaseAuth */ = {
			isa = XCSwiftPackageProductDependency;
			package = 14F2BECF2EC842A400B5F06B /* XCRemoteSwiftPackageReference "firebase-ios-sdk" */;
			productName = FirebaseAuth;
		};
		14F2BED22EC842A400B5F06B /* FirebaseDatabase */ = {
			isa = XCSwiftPackageProductDependency;
			package = 14F2BECF2EC842A400B5F06B /* XCRemoteSwiftPackageReference "firebase-ios-sdk" */;
			productName = FirebaseDatabase;
		};
		14F2BED42EC842A400B5F06B /* FirebaseMessaging */ = {
			isa = XCSwiftPackageProductDependency;
			package = 14F2BECF2EC842A400B5F06B /* XCRemoteSwiftPackageReference "firebase-ios-sdk" */;
			productName = FirebaseMessaging;
		};
		14F2BED62EC842A400B5F06B /* FirebaseStorage */ = {
			isa = XCSwiftPackageProductDependency;
			package = 14F2BECF2EC842A400B5F06B /* XCRemoteSwiftPackageReference "firebase-ios-sdk" */;
			productName = FirebaseStorage;
		};
		14F2BEE92EC844D400B5F06B /* GoogleSignIn */ = {
			isa = XCSwiftPackageProductDependency;
			package = 14F2BEE82EC844D400B5F06B /* XCRemoteSwiftPackageReference "GoogleSignIn-iOS" */;
			productName = GoogleSignIn;
		};
		14F2BEEB2EC844D400B5F06B /* GoogleSignInSwift */ = {
			isa = XCSwiftPackageProductDependency;
			package = 14F2BEE82EC844D400B5F06B /* XCRemoteSwiftPackageReference "GoogleSignIn-iOS" */;
			productName = GoogleSignInSwift;
		};
/* End XCSwiftPackageProductDependency section */
	};
	rootObject = 14F2BEB72EC840A100B5F06B /* Project object */;
}
