// !$*UTF8*$!
{
	archiveVersion = 1;
	classes = {
	};
	objectVersion = 77;
	objects = {

/* Begin PBXBuildFile section */
		1409C9C22EE62050003166E7 /* MKCoordinateRegion+Equality.swift in Sources */ = {isa = PBXBuildFile; fileRef = 1409C9C12EE62045003166E7 /* MKCoordinateRegion+Equality.swift */; };
		1409C9C52EE62117003166E7 /* PerpendicularBisectorToolView.swift in Sources */ = {isa = PBXBuildFile; fileRef = 1409C9C42EE62108003166E7 /* PerpendicularBisectorToolView.swift */; };
		1409C9C72EE6213C003166E7 /* TrainLinesView.swift in Sources */ = {isa = PBXBuildFile; fileRef = 1409C9C62EE62138003166E7 /* TrainLinesView.swift */; };
		1409C9C92EE62158003166E7 /* MunicipalitiesView.swift in Sources */ = {isa = PBXBuildFile; fileRef = 1409C9C82EE62155003166E7 /* MunicipalitiesView.swift */; };
		1409C9CB2EE6218C003166E7 /* RadiusToolView.swift in Sources */ = {isa = PBXBuildFile; fileRef = 1409C9CA2EE62187003166E7 /* RadiusToolView.swift */; };
		1409C9CE2EE6221E003166E7 /* PlayerAnnotation.swift in Sources */ = {isa = PBXBuildFile; fileRef = 1409C9CD2EE62218003166E7 /* PlayerAnnotation.swift */; };
		1409C9D02EE62231003166E7 /* SearchResultAnnotation.swift in Sources */ = {isa = PBXBuildFile; fileRef = 1409C9CF2EE6222D003166E7 /* SearchResultAnnotation.swift */; };
		1409C9D22EE622A2003166E7 /* BisectorPointAnnotation.swift in Sources */ = {isa = PBXBuildFile; fileRef = 1409C9D12EE622A2003166E7 /* BisectorPointAnnotation.swift */; };
		1409C9D42EE622BF003166E7 /* MeasurePointAnnotation.swift in Sources */ = {isa = PBXBuildFile; fileRef = 1409C9D32EE622BD003166E7 /* MeasurePointAnnotation.swift */; };
		1409C9D62EE622F5003166E7 /* PolygonVertexAnnotation.swift in Sources */ = {isa = PBXBuildFile; fileRef = 1409C9D52EE622F4003166E7 /* PolygonVertexAnnotation.swift */; };
		1409C9D82EE62416003166E7 /* GameSettingsView.swift in Sources */ = {isa = PBXBuildFile; fileRef = 1409C9D72EE62413003166E7 /* GameSettingsView.swift */; };
		1409C9DE2EE6246D003166E7 /* TimerActionsView.swift in Sources */ = {isa = PBXBuildFile; fileRef = 1409C9DD2EE6246A003166E7 /* TimerActionsView.swift */; };
		1409C9E02EE624E9003166E7 /* QuestionCategory.swift in Sources */ = {isa = PBXBuildFile; fileRef = 1409C9DF2EE624E6003166E7 /* QuestionCategory.swift */; };
		1409C9E22EE62580003166E7 /* MeasureToolView.swift in Sources */ = {isa = PBXBuildFile; fileRef = 1409C9E12EE6256D003166E7 /* MeasureToolView.swift */; };
		1409C9E42EE625DE003166E7 /* PolygonToolView.swift in Sources */ = {isa = PBXBuildFile; fileRef = 1409C9E32EE625D9003166E7 /* PolygonToolView.swift */; };
		1409C9E62EE625FF003166E7 /* Export+SyncSection.swift in Sources */ = {isa = PBXBuildFile; fileRef = 1409C9E52EE625F8003166E7 /* Export+SyncSection.swift */; };
		1409C9E82EE62623003166E7 /* SyncMapToolsSheet.swift in Sources */ = {isa = PBXBuildFile; fileRef = 1409C9E72EE62620003166E7 /* SyncMapToolsSheet.swift */; };
		140B02AD2EC8791E0005EE81 /* AuthenticationManager.swift in Sources */ = {isa = PBXBuildFile; fileRef = 140B029B2EC8791E0005EE81 /* AuthenticationManager.swift */; };
		140B02AF2EC8791E0005EE81 /* CreateLobbyView.swift in Sources */ = {isa = PBXBuildFile; fileRef = 140B029D2EC8791E0005EE81 /* CreateLobbyView.swift */; };
		140B02B02EC8791E0005EE81 /* GameManager.swift in Sources */ = {isa = PBXBuildFile; fileRef = 140B029E2EC8791E0005EE81 /* GameManager.swift */; };
		140B02B22EC8791E0005EE81 /* Game.swift in Sources */ = {isa = PBXBuildFile; fileRef = 140B02A02EC8791E0005EE81 /* Game.swift */; };
		140B02B32EC8791E0005EE81 /* ActionButton.swift in Sources */ = {isa = PBXBuildFile; fileRef = 140B02A22EC8791E0005EE81 /* ActionButton.swift */; };
		140B02B52EC8791E0005EE81 /* HideAndCSeek50App.swift in Sources */ = {isa = PBXBuildFile; fileRef = 140B02A42EC8791E0005EE81 /* HideAndCSeek50App.swift */; };
		140B02B62EC8791E0005EE81 /* JoinLobbyView.swift in Sources */ = {isa = PBXBuildFile; fileRef = 140B02A62EC8791E0005EE81 /* JoinLobbyView.swift */; };
		140B02B72EC8791E0005EE81 /* LobbySettingsView.swift in Sources */ = {isa = PBXBuildFile; fileRef = 140B02A72EC8791E0005EE81 /* LobbySettingsView.swift */; };
		140B02B82EC8791E0005EE81 /* LobbyView.swift in Sources */ = {isa = PBXBuildFile; fileRef = 140B02A82EC8791E0005EE81 /* LobbyView.swift */; };
		140B02B92EC8791E0005EE81 /* MainView.swift in Sources */ = {isa = PBXBuildFile; fileRef = 140B02A92EC8791E0005EE81 /* MainView.swift */; };
		140B02BB2EC8791E0005EE81 /* QuickMatchView.swift in Sources */ = {isa = PBXBuildFile; fileRef = 140B02AB2EC8791E0005EE81 /* QuickMatchView.swift */; };
		140B02BF2EC8791E0005EE81 /* Assets.xcassets in Resources */ = {isa = PBXBuildFile; fileRef = 140B029A2EC8791E0005EE81 /* Assets.xcassets */; };
		140B02C02EC8791E0005EE81 /* GoogleService-Info.plist in Resources */ = {isa = PBXBuildFile; fileRef = 140B02A12EC8791E0005EE81 /* GoogleService-Info.plist */; };
		142066B62ECBDE200084F53C /* CityRegions.swift in Sources */ = {isa = PBXBuildFile; fileRef = 142066B52ECBDE200084F53C /* CityRegions.swift */; };
		142066BA2ECBDFF50084F53C /* LocationManager.swift in Sources */ = {isa = PBXBuildFile; fileRef = 142066B92ECBDFF50084F53C /* LocationManager.swift */; };
		143B7FDB2EDAD09E0093A0C6 /* ImagePicker.swift in Sources */ = {isa = PBXBuildFile; fileRef = 143B7FDA2EDAD09E0093A0C6 /* ImagePicker.swift */; };
		143B7FE32EDAD1070093A0C6 /* UIImage+Compression.swift in Sources */ = {isa = PBXBuildFile; fileRef = 143B7FE22EDAD1070093A0C6 /* UIImage+Compression.swift */; };
		14513F912EDFEE30003FF3EA /* NotificationManager.swift in Sources */ = {isa = PBXBuildFile; fileRef = 14513F902EDFEE30003FF3EA /* NotificationManager.swift */; };
		14513F9F2EDFF028003FF3EA /* FIREBASE_FUNCTIONS_DEPLOYMENT.md in Resources */ = {isa = PBXBuildFile; fileRef = 14513F9E2EDFF028003FF3EA /* FIREBASE_FUNCTIONS_DEPLOYMENT.md */; };
		14513FA12EDFF056003FF3EA /* NOTIFICATION_SETUP_CHECKLIST.md in Resources */ = {isa = PBXBuildFile; fileRef = 14513FA02EDFF056003FF3EA /* NOTIFICATION_SETUP_CHECKLIST.md */; };
		14513FA32EDFF078003FF3EA /* FIREBASE_CONSOLE_ACTIONS.md in Resources */ = {isa = PBXBuildFile; fileRef = 14513FA22EDFF078003FF3EA /* FIREBASE_CONSOLE_ACTIONS.md */; };
		14513FA52EDFF099003FF3EA /* FIREBASE_COMMANDS.md in Resources */ = {isa = PBXBuildFile; fileRef = 14513FA42EDFF099003FF3EA /* FIREBASE_COMMANDS.md */; };
		1474BE742ED5164B00568A90 /* GameChatView.swift in Sources */ = {isa = PBXBuildFile; fileRef = 1474BE6D2ED5164B00568A90 /* GameChatView.swift */; };
		1474BE752ED5164B00568A90 /* GameMapView.swift in Sources */ = {isa = PBXBuildFile; fileRef = 1474BE6E2ED5164B00568A90 /* GameMapView.swift */; };
		1474BE762ED5164B00568A90 /* GameView.swift in Sources */ = {isa = PBXBuildFile; fileRef = 1474BE6F2ED5164B00568A90 /* GameView.swift */; };
		1474BE782ED5164B00568A90 /* QuestionView.swift in Sources */ = {isa = PBXBuildFile; fileRef = 1474BE712ED5164B00568A90 /* QuestionView.swift */; };
		1474BE7E2ED5165200568A90 /* AuthenticationView.swift in Sources */ = {isa = PBXBuildFile; fileRef = 1474BE7A2ED5165200568A90 /* AuthenticationView.swift */; };
		1474BE7F2ED5165200568A90 /* EmailSignInView.swift in Sources */ = {isa = PBXBuildFile; fileRef = 1474BE7B2ED5165200568A90 /* EmailSignInView.swift */; };
		1474BE802ED5165200568A90 /* ProfileView.swift in Sources */ = {isa = PBXBuildFile; fileRef = 1474BE7C2ED5165200568A90 /* ProfileView.swift */; };
		1474BE862ED65F8200568A90 /* MapSearchViewModel.swift in Sources */ = {isa = PBXBuildFile; fileRef = 1474BE852ED65F8200568A90 /* MapSearchViewModel.swift */; };
		147A95082EE902FF00BD3CA9 /* Card.swift in Sources */ = {isa = PBXBuildFile; fileRef = 147A95072EE902FF00BD3CA9 /* Card.swift */; };
		147A950C2EE9033B00BD3CA9 /* HandView.swift in Sources */ = {isa = PBXBuildFile; fileRef = 147A950B2EE9033B00BD3CA9 /* HandView.swift */; };
		147A95122EE9067900BD3CA9 /* QUESTION_REWARD_UPDATES.md in Resources */ = {isa = PBXBuildFile; fileRef = 147A95112EE9067900BD3CA9 /* QUESTION_REWARD_UPDATES.md */; };
		147A95182EE9498300BD3CA9 /* DECK_MIGRATION_SUMMARY.md in Resources */ = {isa = PBXBuildFile; fileRef = 147A95172EE9498300BD3CA9 /* DECK_MIGRATION_SUMMARY.md */; };
		147A951A2EEB478200BD3CA9 /* UserManager.swift in Sources */ = {isa = PBXBuildFile; fileRef = 147A95192EEB478000BD3CA9 /* UserManager.swift */; };
		147A951C2EEB4A9200BD3CA9 /* Date+FirebaseTimestamp.swift in Sources */ = {isa = PBXBuildFile; fileRef = 147A951B2EEB4A8900BD3CA9 /* Date+FirebaseTimestamp.swift */; };
		14990EE92ED93DEA00DFD3E5 /* SearchResultsSheet.swift in Sources */ = {isa = PBXBuildFile; fileRef = 14990EE82ED93DEA00DFD3E5 /* SearchResultsSheet.swift */; };
		14990EEC2ED9425700DFD3E5 /* BottomSheet in Frameworks */ = {isa = PBXBuildFile; productRef = 14990EEB2ED9425700DFD3E5 /* BottomSheet */; };
		14990EEE2ED94C2F00DFD3E5 /* TransportSelectionSheet.swift in Sources */ = {isa = PBXBuildFile; fileRef = 14990EED2ED94C2F00DFD3E5 /* TransportSelectionSheet.swift */; };
		14990EF02ED94E0700DFD3E5 /* TransportType.swift in Sources */ = {isa = PBXBuildFile; fileRef = 14990EEF2ED94E0700DFD3E5 /* TransportType.swift */; };
		14990EF42ED9654F00DFD3E5 /* MKMapItem+Address.swift in Sources */ = {isa = PBXBuildFile; fileRef = 14990EF32ED9654A00DFD3E5 /* MKMapItem+Address.swift */; };
		14990EF62ED9735B00DFD3E5 /* Rapid_Transit_Routes.geojson in Resources */ = {isa = PBXBuildFile; fileRef = 14990EF52ED9735B00DFD3E5 /* Rapid_Transit_Routes.geojson */; };
		14990EFA2ED9739000DFD3E5 /* CircleOverlayItem.swift in Sources */ = {isa = PBXBuildFile; fileRef = 14990EF92ED9739000DFD3E5 /* CircleOverlayItem.swift */; };
		14990EFC2ED973E300DFD3E5 /* ma.json in Resources */ = {isa = PBXBuildFile; fileRef = 14990EFB2ED973E300DFD3E5 /* ma.json */; };
		14990EFE2ED97BA500DFD3E5 /* MapToolsSheet.swift in Sources */ = {isa = PBXBuildFile; fileRef = 14990EFD2ED97BA500DFD3E5 /* MapToolsSheet.swift */; };
		14990F002ED984F200DFD3E5 /* GameModels+Dictionary.swift in Sources */ = {isa = PBXBuildFile; fileRef = 14990EFF2ED984F200DFD3E5 /* GameModels+Dictionary.swift */; };
		14990F022ED9878100DFD3E5 /* MapToolsViewModel.swift in Sources */ = {isa = PBXBuildFile; fileRef = 14990F012ED9878100DFD3E5 /* MapToolsViewModel.swift */; };
		14990F072ED988FF00DFD3E5 /* ChatViewModel.swift in Sources */ = {isa = PBXBuildFile; fileRef = 14990F062ED988FC00DFD3E5 /* ChatViewModel.swift */; };
		149AB4C42EE2A3EE005F7D7E /* MapToolsData.swift in Sources */ = {isa = PBXBuildFile; fileRef = 149AB4C32EE2A3EE005F7D7E /* MapToolsData.swift */; };
		149AB4C62EE2D99A005F7D7E /* PointOverlayItem.swift in Sources */ = {isa = PBXBuildFile; fileRef = 149AB4C52EE2D99A005F7D7E /* PointOverlayItem.swift */; };
		149AB4C82EE2DA05005F7D7E /* PointToolView.swift in Sources */ = {isa = PBXBuildFile; fileRef = 149AB4C72EE2DA05005F7D7E /* PointToolView.swift */; };
		14A2BAD72EDEAC6700E4B3C2 /* GameEndView.swift in Sources */ = {isa = PBXBuildFile; fileRef = 14A2BAD62EDEAC6700E4B3C2 /* GameEndView.swift */; };
		14CD28792EDADC8400EEB66F /* storage.rules in Resources */ = {isa = PBXBuildFile; fileRef = 14CD28782EDADC8400EEB66F /* storage.rules */; };
		14E268EE2EC9648000FBCF90 /* Stats+History.swift in Sources */ = {isa = PBXBuildFile; fileRef = 14E268ED2EC9647900FBCF90 /* Stats+History.swift */; };
		14E268F02EC9649700FBCF90 /* Lobby.swift in Sources */ = {isa = PBXBuildFile; fileRef = 14E268EF2EC9649300FBCF90 /* Lobby.swift */; };
		14F2BED12EC842A400B5F06B /* FirebaseAuth in Frameworks */ = {isa = PBXBuildFile; productRef = 14F2BED02EC842A400B5F06B /* FirebaseAuth */; };
		14F2BED32EC842A400B5F06B /* FirebaseDatabase in Frameworks */ = {isa = PBXBuildFile; productRef = 14F2BED22EC842A400B5F06B /* FirebaseDatabase */; };
		14F2BED52EC842A400B5F06B /* FirebaseMessaging in Frameworks */ = {isa = PBXBuildFile; productRef = 14F2BED42EC842A400B5F06B /* FirebaseMessaging */; };
		14F2BED72EC842A400B5F06B /* FirebaseStorage in Frameworks */ = {isa = PBXBuildFile; productRef = 14F2BED62EC842A400B5F06B /* FirebaseStorage */; };
		14F2BEEA2EC844D400B5F06B /* GoogleSignIn in Frameworks */ = {isa = PBXBuildFile; productRef = 14F2BEE92EC844D400B5F06B /* GoogleSignIn */; };
		14F2BEEC2EC844D400B5F06B /* GoogleSignInSwift in Frameworks */ = {isa = PBXBuildFile; productRef = 14F2BEEB2EC844D400B5F06B /* GoogleSignInSwift */; };
		294366612EDFE95600269F24 /* PolygonOverlayItem.swift in Sources */ = {isa = PBXBuildFile; fileRef = 294366602EDFE95600269F24 /* PolygonOverlayItem.swift */; };
		DA0A67902EDA434D00F5A00D /* BisectorOverlayItem.swift in Sources */ = {isa = PBXBuildFile; fileRef = DA0A678F2EDA434800F5A00D /* BisectorOverlayItem.swift */; };
		DA0A67932EDA4E1D00F5A00D /* DistanceOverlayItem.swift in Sources */ = {isa = PBXBuildFile; fileRef = DA0A67922EDA4E1900F5A00D /* DistanceOverlayItem.swift */; };
		DAE3F4C42ED695680055DBAB /* DirectionsSheet.swift in Sources */ = {isa = PBXBuildFile; fileRef = DAE3F4C32ED695660055DBAB /* DirectionsSheet.swift */; };
/* End PBXBuildFile section */

/* Begin PBXFileReference section */
		1409C9C12EE62045003166E7 /* MKCoordinateRegion+Equality.swift */ = {isa = PBXFileReference; lastKnownFileType = sourcecode.swift; path = "MKCoordinateRegion+Equality.swift"; sourceTree = "<group>"; };
		1409C9C42EE62108003166E7 /* PerpendicularBisectorToolView.swift */ = {isa = PBXFileReference; lastKnownFileType = sourcecode.swift; path = PerpendicularBisectorToolView.swift; sourceTree = "<group>"; };
		1409C9C62EE62138003166E7 /* TrainLinesView.swift */ = {isa = PBXFileReference; lastKnownFileType = sourcecode.swift; path = TrainLinesView.swift; sourceTree = "<group>"; };
		1409C9C82EE62155003166E7 /* MunicipalitiesView.swift */ = {isa = PBXFileReference; lastKnownFileType = sourcecode.swift; path = MunicipalitiesView.swift; sourceTree = "<group>"; };
		1409C9CA2EE62187003166E7 /* RadiusToolView.swift */ = {isa = PBXFileReference; lastKnownFileType = sourcecode.swift; path = RadiusToolView.swift; sourceTree = "<group>"; };
		1409C9CD2EE62218003166E7 /* PlayerAnnotation.swift */ = {isa = PBXFileReference; lastKnownFileType = sourcecode.swift; path = PlayerAnnotation.swift; sourceTree = "<group>"; };
		1409C9CF2EE6222D003166E7 /* SearchResultAnnotation.swift */ = {isa = PBXFileReference; lastKnownFileType = sourcecode.swift; path = SearchResultAnnotation.swift; sourceTree = "<group>"; };
		1409C9D12EE622A2003166E7 /* BisectorPointAnnotation.swift */ = {isa = PBXFileReference; fileEncoding = 4; lastKnownFileType = sourcecode.swift; path = BisectorPointAnnotation.swift; sourceTree = "<group>"; };
		1409C9D32EE622BD003166E7 /* MeasurePointAnnotation.swift */ = {isa = PBXFileReference; lastKnownFileType = sourcecode.swift; path = MeasurePointAnnotation.swift; sourceTree = "<group>"; };
		1409C9D52EE622F4003166E7 /* PolygonVertexAnnotation.swift */ = {isa = PBXFileReference; lastKnownFileType = sourcecode.swift; path = PolygonVertexAnnotation.swift; sourceTree = "<group>"; };
		1409C9D72EE62413003166E7 /* GameSettingsView.swift */ = {isa = PBXFileReference; lastKnownFileType = sourcecode.swift; path = GameSettingsView.swift; sourceTree = "<group>"; };
		1409C9DD2EE6246A003166E7 /* TimerActionsView.swift */ = {isa = PBXFileReference; lastKnownFileType = sourcecode.swift; path = TimerActionsView.swift; sourceTree = "<group>"; };
		1409C9DF2EE624E6003166E7 /* QuestionCategory.swift */ = {isa = PBXFileReference; lastKnownFileType = sourcecode.swift; path = QuestionCategory.swift; sourceTree = "<group>"; };
		1409C9E12EE6256D003166E7 /* MeasureToolView.swift */ = {isa = PBXFileReference; lastKnownFileType = sourcecode.swift; path = MeasureToolView.swift; sourceTree = "<group>"; };
		1409C9E32EE625D9003166E7 /* PolygonToolView.swift */ = {isa = PBXFileReference; lastKnownFileType = sourcecode.swift; path = PolygonToolView.swift; sourceTree = "<group>"; };
		1409C9E52EE625F8003166E7 /* Export+SyncSection.swift */ = {isa = PBXFileReference; lastKnownFileType = sourcecode.swift; path = "Export+SyncSection.swift"; sourceTree = "<group>"; };
		1409C9E72EE62620003166E7 /* SyncMapToolsSheet.swift */ = {isa = PBXFileReference; lastKnownFileType = sourcecode.swift; path = SyncMapToolsSheet.swift; sourceTree = "<group>"; };
		140B02962EC8791E0005EE81 /* AUTHENTICATION.md */ = {isa = PBXFileReference; lastKnownFileType = net.daringfireball.markdown; path = AUTHENTICATION.md; sourceTree = "<group>"; };
		140B02972EC8791E0005EE81 /* DATABASE_SCHEMA_JSON.md */ = {isa = PBXFileReference; lastKnownFileType = net.daringfireball.markdown; path = DATABASE_SCHEMA_JSON.md; sourceTree = "<group>"; };
		140B02982EC8791E0005EE81 /* DATABASE_SCHEMA_OVERWIEW.md */ = {isa = PBXFileReference; lastKnownFileType = net.daringfireball.markdown; path = DATABASE_SCHEMA_OVERWIEW.md; sourceTree = "<group>"; };
		140B029A2EC8791E0005EE81 /* Assets.xcassets */ = {isa = PBXFileReference; lastKnownFileType = folder.assetcatalog; path = Assets.xcassets; sourceTree = "<group>"; };
		140B029B2EC8791E0005EE81 /* AuthenticationManager.swift */ = {isa = PBXFileReference; lastKnownFileType = sourcecode.swift; path = AuthenticationManager.swift; sourceTree = "<group>"; };
		140B029D2EC8791E0005EE81 /* CreateLobbyView.swift */ = {isa = PBXFileReference; lastKnownFileType = sourcecode.swift; path = CreateLobbyView.swift; sourceTree = "<group>"; };
		140B029E2EC8791E0005EE81 /* GameManager.swift */ = {isa = PBXFileReference; lastKnownFileType = sourcecode.swift; path = GameManager.swift; sourceTree = "<group>"; };
		140B02A02EC8791E0005EE81 /* Game.swift */ = {isa = PBXFileReference; lastKnownFileType = sourcecode.swift; path = Game.swift; sourceTree = "<group>"; };
		140B02A12EC8791E0005EE81 /* GoogleService-Info.plist */ = {isa = PBXFileReference; lastKnownFileType = text.plist.xml; path = "GoogleService-Info.plist"; sourceTree = "<group>"; };
		140B02A22EC8791E0005EE81 /* ActionButton.swift */ = {isa = PBXFileReference; lastKnownFileType = sourcecode.swift; path = ActionButton.swift; sourceTree = "<group>"; };
		140B02A42EC8791E0005EE81 /* HideAndCSeek50App.swift */ = {isa = PBXFileReference; lastKnownFileType = sourcecode.swift; path = HideAndCSeek50App.swift; sourceTree = "<group>"; };
		140B02A52EC8791E0005EE81 /* Info.plist */ = {isa = PBXFileReference; lastKnownFileType = text.plist.xml; path = Info.plist; sourceTree = "<group>"; };
		140B02A62EC8791E0005EE81 /* JoinLobbyView.swift */ = {isa = PBXFileReference; lastKnownFileType = sourcecode.swift; path = JoinLobbyView.swift; sourceTree = "<group>"; };
		140B02A72EC8791E0005EE81 /* LobbySettingsView.swift */ = {isa = PBXFileReference; lastKnownFileType = sourcecode.swift; path = LobbySettingsView.swift; sourceTree = "<group>"; };
		140B02A82EC8791E0005EE81 /* LobbyView.swift */ = {isa = PBXFileReference; lastKnownFileType = sourcecode.swift; path = LobbyView.swift; sourceTree = "<group>"; };
		140B02A92EC8791E0005EE81 /* MainView.swift */ = {isa = PBXFileReference; lastKnownFileType = sourcecode.swift; path = MainView.swift; sourceTree = "<group>"; };
		140B02AB2EC8791E0005EE81 /* QuickMatchView.swift */ = {isa = PBXFileReference; lastKnownFileType = sourcecode.swift; path = QuickMatchView.swift; sourceTree = "<group>"; };
		142066B02ECBCBB40084F53C /* HideAndCSeek50.app */ = {isa = PBXFileReference; explicitFileType = wrapper.application; includeInIndex = 0; path = HideAndCSeek50.app; sourceTree = BUILT_PRODUCTS_DIR; };
		142066B52ECBDE200084F53C /* CityRegions.swift */ = {isa = PBXFileReference; lastKnownFileType = sourcecode.swift; path = CityRegions.swift; sourceTree = "<group>"; };
		142066B92ECBDFF50084F53C /* LocationManager.swift */ = {isa = PBXFileReference; lastKnownFileType = sourcecode.swift; path = LocationManager.swift; sourceTree = "<group>"; };
		143B7FDA2EDAD09E0093A0C6 /* ImagePicker.swift */ = {isa = PBXFileReference; lastKnownFileType = sourcecode.swift; path = ImagePicker.swift; sourceTree = "<group>"; };
		143B7FE22EDAD1070093A0C6 /* UIImage+Compression.swift */ = {isa = PBXFileReference; lastKnownFileType = sourcecode.swift; path = "UIImage+Compression.swift"; sourceTree = "<group>"; };
		143B7FF22EDAD39C0093A0C6 /* QUICK_START.md */ = {isa = PBXFileReference; lastKnownFileType = net.daringfireball.markdown; path = QUICK_START.md; sourceTree = "<group>"; };
		14513F902EDFEE30003FF3EA /* NotificationManager.swift */ = {isa = PBXFileReference; lastKnownFileType = sourcecode.swift; path = NotificationManager.swift; sourceTree = "<group>"; };
		14513F9E2EDFF028003FF3EA /* FIREBASE_FUNCTIONS_DEPLOYMENT.md */ = {isa = PBXFileReference; lastKnownFileType = net.daringfireball.markdown; path = FIREBASE_FUNCTIONS_DEPLOYMENT.md; sourceTree = "<group>"; };
		14513FA02EDFF056003FF3EA /* NOTIFICATION_SETUP_CHECKLIST.md */ = {isa = PBXFileReference; lastKnownFileType = net.daringfireball.markdown; path = NOTIFICATION_SETUP_CHECKLIST.md; sourceTree = "<group>"; };
		14513FA22EDFF078003FF3EA /* FIREBASE_CONSOLE_ACTIONS.md */ = {isa = PBXFileReference; lastKnownFileType = net.daringfireball.markdown; path = FIREBASE_CONSOLE_ACTIONS.md; sourceTree = "<group>"; };
		14513FA42EDFF099003FF3EA /* FIREBASE_COMMANDS.md */ = {isa = PBXFileReference; lastKnownFileType = net.daringfireball.markdown; path = FIREBASE_COMMANDS.md; sourceTree = "<group>"; };
		14513FA62EDFF345003FF3EA /* HideAndCSeek50.entitlements */ = {isa = PBXFileReference; lastKnownFileType = text.plist.entitlements; path = HideAndCSeek50.entitlements; sourceTree = "<group>"; };
		1474BE6D2ED5164B00568A90 /* GameChatView.swift */ = {isa = PBXFileReference; lastKnownFileType = sourcecode.swift; path = GameChatView.swift; sourceTree = "<group>"; };
		1474BE6E2ED5164B00568A90 /* GameMapView.swift */ = {isa = PBXFileReference; lastKnownFileType = sourcecode.swift; path = GameMapView.swift; sourceTree = "<group>"; };
		1474BE6F2ED5164B00568A90 /* GameView.swift */ = {isa = PBXFileReference; lastKnownFileType = sourcecode.swift; path = GameView.swift; sourceTree = "<group>"; };
		1474BE712ED5164B00568A90 /* QuestionView.swift */ = {isa = PBXFileReference; lastKnownFileType = sourcecode.swift; path = QuestionView.swift; sourceTree = "<group>"; };
		1474BE7A2ED5165200568A90 /* AuthenticationView.swift */ = {isa = PBXFileReference; lastKnownFileType = sourcecode.swift; path = AuthenticationView.swift; sourceTree = "<group>"; };
		1474BE7B2ED5165200568A90 /* EmailSignInView.swift */ = {isa = PBXFileReference; lastKnownFileType = sourcecode.swift; path = EmailSignInView.swift; sourceTree = "<group>"; };
		1474BE7C2ED5165200568A90 /* ProfileView.swift */ = {isa = PBXFileReference; lastKnownFileType = sourcecode.swift; path = ProfileView.swift; sourceTree = "<group>"; };
		1474BE852ED65F8200568A90 /* MapSearchViewModel.swift */ = {isa = PBXFileReference; lastKnownFileType = sourcecode.swift; path = MapSearchViewModel.swift; sourceTree = "<group>"; };
		147A95072EE902FF00BD3CA9 /* Card.swift */ = {isa = PBXFileReference; lastKnownFileType = sourcecode.swift; path = Card.swift; sourceTree = "<group>"; };
		147A950B2EE9033B00BD3CA9 /* HandView.swift */ = {isa = PBXFileReference; lastKnownFileType = sourcecode.swift; path = HandView.swift; sourceTree = "<group>"; };
		147A95112EE9067900BD3CA9 /* QUESTION_REWARD_UPDATES.md */ = {isa = PBXFileReference; lastKnownFileType = net.daringfireball.markdown; path = QUESTION_REWARD_UPDATES.md; sourceTree = "<group>"; };
		147A95172EE9498300BD3CA9 /* DECK_MIGRATION_SUMMARY.md */ = {isa = PBXFileReference; lastKnownFileType = net.daringfireball.markdown; path = DECK_MIGRATION_SUMMARY.md; sourceTree = "<group>"; };
		147A95192EEB478000BD3CA9 /* UserManager.swift */ = {isa = PBXFileReference; lastKnownFileType = sourcecode.swift; path = UserManager.swift; sourceTree = "<group>"; };
		147A951B2EEB4A8900BD3CA9 /* Date+FirebaseTimestamp.swift */ = {isa = PBXFileReference; lastKnownFileType = sourcecode.swift; path = "Date+FirebaseTimestamp.swift"; sourceTree = "<group>"; };
		14990EE82ED93DEA00DFD3E5 /* SearchResultsSheet.swift */ = {isa = PBXFileReference; lastKnownFileType = sourcecode.swift; path = SearchResultsSheet.swift; sourceTree = "<group>"; };
		14990EED2ED94C2F00DFD3E5 /* TransportSelectionSheet.swift */ = {isa = PBXFileReference; lastKnownFileType = sourcecode.swift; path = TransportSelectionSheet.swift; sourceTree = "<group>"; };
		14990EEF2ED94E0700DFD3E5 /* TransportType.swift */ = {isa = PBXFileReference; lastKnownFileType = sourcecode.swift; path = TransportType.swift; sourceTree = "<group>"; };
		14990EF32ED9654A00DFD3E5 /* MKMapItem+Address.swift */ = {isa = PBXFileReference; lastKnownFileType = sourcecode.swift; path = "MKMapItem+Address.swift"; sourceTree = "<group>"; };
		14990EF52ED9735B00DFD3E5 /* Rapid_Transit_Routes.geojson */ = {isa = PBXFileReference; lastKnownFileType = text; path = Rapid_Transit_Routes.geojson; sourceTree = "<group>"; };
		14990EF92ED9739000DFD3E5 /* CircleOverlayItem.swift */ = {isa = PBXFileReference; lastKnownFileType = sourcecode.swift; path = CircleOverlayItem.swift; sourceTree = "<group>"; };
		14990EFB2ED973E300DFD3E5 /* ma.json */ = {isa = PBXFileReference; lastKnownFileType = text.json; path = ma.json; sourceTree = "<group>"; };
		14990EFD2ED97BA500DFD3E5 /* MapToolsSheet.swift */ = {isa = PBXFileReference; lastKnownFileType = sourcecode.swift; path = MapToolsSheet.swift; sourceTree = "<group>"; };
		14990EFF2ED984F200DFD3E5 /* GameModels+Dictionary.swift */ = {isa = PBXFileReference; lastKnownFileType = sourcecode.swift; path = "GameModels+Dictionary.swift"; sourceTree = "<group>"; };
		14990F012ED9878100DFD3E5 /* MapToolsViewModel.swift */ = {isa = PBXFileReference; lastKnownFileType = sourcecode.swift; path = MapToolsViewModel.swift; sourceTree = "<group>"; };
		14990F062ED988FC00DFD3E5 /* ChatViewModel.swift */ = {isa = PBXFileReference; lastKnownFileType = sourcecode.swift; path = ChatViewModel.swift; sourceTree = "<group>"; };
		149AB4C32EE2A3EE005F7D7E /* MapToolsData.swift */ = {isa = PBXFileReference; lastKnownFileType = sourcecode.swift; path = MapToolsData.swift; sourceTree = "<group>"; };
		149AB4C52EE2D99A005F7D7E /* PointOverlayItem.swift */ = {isa = PBXFileReference; lastKnownFileType = sourcecode.swift; path = PointOverlayItem.swift; sourceTree = "<group>"; };
		149AB4C72EE2DA05005F7D7E /* PointToolView.swift */ = {isa = PBXFileReference; lastKnownFileType = sourcecode.swift; path = PointToolView.swift; sourceTree = "<group>"; };
		14A2BAD22EDE9EA400E4B3C2 /* EVENT_MESSAGE_EXAMPLES.md */ = {isa = PBXFileReference; lastKnownFileType = net.daringfireball.markdown; path = EVENT_MESSAGE_EXAMPLES.md; sourceTree = "<group>"; };
		14A2BAD42EDEA08000E4B3C2 /* STATS_STRUCTURE_GUIDE.md */ = {isa = PBXFileReference; lastKnownFileType = net.daringfireball.markdown; path = STATS_STRUCTURE_GUIDE.md; sourceTree = "<group>"; };
		14A2BAD52EDEA6CF00E4B3C2 /* firebase-database-rules.json */ = {isa = PBXFileReference; lastKnownFileType = text.json; path = "firebase-database-rules.json"; sourceTree = "<group>"; };
		14A2BAD62EDEAC6700E4B3C2 /* GameEndView.swift */ = {isa = PBXFileReference; lastKnownFileType = sourcecode.swift; path = GameEndView.swift; sourceTree = "<group>"; };
		14CD28782EDADC8400EEB66F /* storage.rules */ = {isa = PBXFileReference; lastKnownFileType = text; path = storage.rules; sourceTree = "<group>"; };
		14E268ED2EC9647900FBCF90 /* Stats+History.swift */ = {isa = PBXFileReference; lastKnownFileType = sourcecode.swift; path = "Stats+History.swift"; sourceTree = "<group>"; };
		14E268EF2EC9649300FBCF90 /* Lobby.swift */ = {isa = PBXFileReference; lastKnownFileType = sourcecode.swift; path = Lobby.swift; sourceTree = "<group>"; };
		294366602EDFE95600269F24 /* PolygonOverlayItem.swift */ = {isa = PBXFileReference; lastKnownFileType = sourcecode.swift; path = PolygonOverlayItem.swift; sourceTree = "<group>"; };
		DA0A678F2EDA434800F5A00D /* BisectorOverlayItem.swift */ = {isa = PBXFileReference; lastKnownFileType = sourcecode.swift; path = BisectorOverlayItem.swift; sourceTree = "<group>"; };
		DA0A67922EDA4E1900F5A00D /* DistanceOverlayItem.swift */ = {isa = PBXFileReference; lastKnownFileType = sourcecode.swift; path = DistanceOverlayItem.swift; sourceTree = "<group>"; };
		DAE3F4C32ED695660055DBAB /* DirectionsSheet.swift */ = {isa = PBXFileReference; lastKnownFileType = sourcecode.swift; path = DirectionsSheet.swift; sourceTree = "<group>"; };
/* End PBXFileReference section */

/* Begin PBXFrameworksBuildPhase section */
		14F2BEBC2EC840A100B5F06B /* Frameworks */ = {
			isa = PBXFrameworksBuildPhase;
			buildActionMask = 2147483647;
			files = (
				14F2BEEA2EC844D400B5F06B /* GoogleSignIn in Frameworks */,
				14F2BED52EC842A400B5F06B /* FirebaseMessaging in Frameworks */,
				14990EEC2ED9425700DFD3E5 /* BottomSheet in Frameworks */,
				14F2BED72EC842A400B5F06B /* FirebaseStorage in Frameworks */,
				14F2BEEC2EC844D400B5F06B /* GoogleSignInSwift in Frameworks */,
				14F2BED32EC842A400B5F06B /* FirebaseDatabase in Frameworks */,
				14F2BED12EC842A400B5F06B /* FirebaseAuth in Frameworks */,
			);
			runOnlyForDeploymentPostprocessing = 0;
		};
/* End PBXFrameworksBuildPhase section */

/* Begin PBXGroup section */
		1409C9C32EE620FB003166E7 /* Map Tools Subviews */ = {
			isa = PBXGroup;
			children = (
				1409C9C62EE62138003166E7 /* TrainLinesView.swift */,
				1409C9C82EE62155003166E7 /* MunicipalitiesView.swift */,
				1409C9CA2EE62187003166E7 /* RadiusToolView.swift */,
				1409C9E12EE6256D003166E7 /* MeasureToolView.swift */,
				1409C9C42EE62108003166E7 /* PerpendicularBisectorToolView.swift */,
				1409C9E32EE625D9003166E7 /* PolygonToolView.swift */,
				149AB4C72EE2DA05005F7D7E /* PointToolView.swift */,
				1409C9E52EE625F8003166E7 /* Export+SyncSection.swift */,
				1409C9E72EE62620003166E7 /* SyncMapToolsSheet.swift */,
			);
			path = "Map Tools Subviews";
			sourceTree = "<group>";
		};
		1409C9CC2EE621DF003166E7 /* Map Annotations */ = {
			isa = PBXGroup;
			children = (
				1409C9CD2EE62218003166E7 /* PlayerAnnotation.swift */,
				1409C9CF2EE6222D003166E7 /* SearchResultAnnotation.swift */,
				1409C9D32EE622BD003166E7 /* MeasurePointAnnotation.swift */,
				1409C9D12EE622A2003166E7 /* BisectorPointAnnotation.swift */,
				1409C9D52EE622F4003166E7 /* PolygonVertexAnnotation.swift */,
			);
			path = "Map Annotations";
			sourceTree = "<group>";
		};
		1409C9E92EE62663003166E7 /* Components */ = {
			isa = PBXGroup;
			children = (
				1474BE712ED5164B00568A90 /* QuestionView.swift */,
				1409C9DD2EE6246A003166E7 /* TimerActionsView.swift */,
				1474BE6D2ED5164B00568A90 /* GameChatView.swift */,
				14990EE82ED93DEA00DFD3E5 /* SearchResultsSheet.swift */,
				14990EED2ED94C2F00DFD3E5 /* TransportSelectionSheet.swift */,
				DAE3F4C32ED695660055DBAB /* DirectionsSheet.swift */,
				14990EFD2ED97BA500DFD3E5 /* MapToolsSheet.swift */,
				1409C9C32EE620FB003166E7 /* Map Tools Subviews */,
			);
			path = Components;
			sourceTree = "<group>";
		};
		140B02992EC8791E0005EE81 /* Markdown */ = {
			isa = PBXGroup;
			children = (
				147A95172EE9498300BD3CA9 /* DECK_MIGRATION_SUMMARY.md */,
				147A95112EE9067900BD3CA9 /* QUESTION_REWARD_UPDATES.md */,
				14CD28782EDADC8400EEB66F /* storage.rules */,
				14513F9E2EDFF028003FF3EA /* FIREBASE_FUNCTIONS_DEPLOYMENT.md */,
				14513FA02EDFF056003FF3EA /* NOTIFICATION_SETUP_CHECKLIST.md */,
				14513FA22EDFF078003FF3EA /* FIREBASE_CONSOLE_ACTIONS.md */,
				14513FA42EDFF099003FF3EA /* FIREBASE_COMMANDS.md */,
				143B7FF22EDAD39C0093A0C6 /* QUICK_START.md */,
				140B02962EC8791E0005EE81 /* AUTHENTICATION.md */,
				140B02972EC8791E0005EE81 /* DATABASE_SCHEMA_JSON.md */,
				140B02982EC8791E0005EE81 /* DATABASE_SCHEMA_OVERWIEW.md */,
				14A2BAD22EDE9EA400E4B3C2 /* EVENT_MESSAGE_EXAMPLES.md */,
				14A2BAD42EDEA08000E4B3C2 /* STATS_STRUCTURE_GUIDE.md */,
				14A2BAD52EDEA6CF00E4B3C2 /* firebase-database-rules.json */,
			);
			path = Markdown;
			sourceTree = "<group>";
		};
		140B02AC2EC8791E0005EE81 /* HideAndCSeek50 */ = {
			isa = PBXGroup;
			children = (
				14513FA62EDFF345003FF3EA /* HideAndCSeek50.entitlements */,
				14E268EC2EC9642F00FBCF90 /* Logic */,
				14E268EB2EC9641A00FBCF90 /* Views */,
				14990F052ED988A600DFD3E5 /* ViewModels */,
				14E268F12EC964D400FBCF90 /* Models */,
				14990EF12ED95A1D00DFD3E5 /* Extensions */,
				140B02A42EC8791E0005EE81 /* HideAndCSeek50App.swift */,
				14E268EA2EC963ED00FBCF90 /* Resources */,
				140B02992EC8791E0005EE81 /* Markdown */,
			);
			path = HideAndCSeek50;
			sourceTree = "<group>";
		};
		1474BE732ED5164B00568A90 /* Gameplay */ = {
			isa = PBXGroup;
			children = (
				1474BE6F2ED5164B00568A90 /* GameView.swift */,
				1474BE6E2ED5164B00568A90 /* GameMapView.swift */,
				1409C9E92EE62663003166E7 /* Components */,
				14A2BAD62EDEAC6700E4B3C2 /* GameEndView.swift */,
				1409C9D72EE62413003166E7 /* GameSettingsView.swift */,
			);
			path = Gameplay;
			sourceTree = "<group>";
		};
		1474BE7D2ED5165200568A90 /* Login */ = {
			isa = PBXGroup;
			children = (
				1474BE7A2ED5165200568A90 /* AuthenticationView.swift */,
				1474BE7B2ED5165200568A90 /* EmailSignInView.swift */,
				1474BE7C2ED5165200568A90 /* ProfileView.swift */,
			);
			path = Login;
			sourceTree = "<group>";
		};
		14990EF12ED95A1D00DFD3E5 /* Extensions */ = {
			isa = PBXGroup;
			children = (
				143B7FE22EDAD1070093A0C6 /* UIImage+Compression.swift */,
				147A951B2EEB4A8900BD3CA9 /* Date+FirebaseTimestamp.swift */,
				14990EFF2ED984F200DFD3E5 /* GameModels+Dictionary.swift */,
				14990EF32ED9654A00DFD3E5 /* MKMapItem+Address.swift */,
				1409C9C12EE62045003166E7 /* MKCoordinateRegion+Equality.swift */,
			);
			path = Extensions;
			sourceTree = "<group>";
		};
		14990EF22ED95A3700DFD3E5 /* Components */ = {
			isa = PBXGroup;
			children = (
				143B7FDA2EDAD09E0093A0C6 /* ImagePicker.swift */,
				140B02A22EC8791E0005EE81 /* ActionButton.swift */,
			);
			path = Components;
			sourceTree = "<group>";
		};
		14990F052ED988A600DFD3E5 /* ViewModels */ = {
			isa = PBXGroup;
			children = (
				14990F062ED988FC00DFD3E5 /* ChatViewModel.swift */,
				1474BE852ED65F8200568A90 /* MapSearchViewModel.swift */,
				14990F012ED9878100DFD3E5 /* MapToolsViewModel.swift */,
			);
			path = ViewModels;
			sourceTree = "<group>";
		};
		14E268EA2EC963ED00FBCF90 /* Resources */ = {
			isa = PBXGroup;
			children = (
				14990EF52ED9735B00DFD3E5 /* Rapid_Transit_Routes.geojson */,
				14990EFB2ED973E300DFD3E5 /* ma.json */,
				140B029A2EC8791E0005EE81 /* Assets.xcassets */,
				140B02A12EC8791E0005EE81 /* GoogleService-Info.plist */,
				140B02A52EC8791E0005EE81 /* Info.plist */,
			);
			path = Resources;
			sourceTree = "<group>";
		};
		14E268EB2EC9641A00FBCF90 /* Views */ = {
			isa = PBXGroup;
			children = (
				140B02A92EC8791E0005EE81 /* MainView.swift */,
				1474BE7D2ED5165200568A90 /* Login */,
				14E268F22EC9653800FBCF90 /* Lobby */,
				1474BE732ED5164B00568A90 /* Gameplay */,
				14990EF22ED95A3700DFD3E5 /* Components */,
				147A95072EE902FF00BD3CA9 /* Card.swift */,
				147A950B2EE9033B00BD3CA9 /* HandView.swift */,
			);
			path = Views;
			sourceTree = "<group>";
		};
		14E268EC2EC9642F00FBCF90 /* Logic */ = {
			isa = PBXGroup;
			children = (
				140B029E2EC8791E0005EE81 /* GameManager.swift */,
				147A95192EEB478000BD3CA9 /* UserManager.swift */,
				142066B92ECBDFF50084F53C /* LocationManager.swift */,
				140B029B2EC8791E0005EE81 /* AuthenticationManager.swift */,
				14513F902EDFEE30003FF3EA /* NotificationManager.swift */,
			);
			path = Logic;
			sourceTree = "<group>";
		};
		14E268F12EC964D400FBCF90 /* Models */ = {
			isa = PBXGroup;
			children = (
				140B02A02EC8791E0005EE81 /* Game.swift */,
				14E268EF2EC9649300FBCF90 /* Lobby.swift */,
				1409C9DF2EE624E6003166E7 /* QuestionCategory.swift */,
				14990EEF2ED94E0700DFD3E5 /* TransportType.swift */,
				149AB4C32EE2A3EE005F7D7E /* MapToolsData.swift */,
				142066B52ECBDE200084F53C /* CityRegions.swift */,
				14E268ED2EC9647900FBCF90 /* Stats+History.swift */,
				DA0A67912EDA4DF900F5A00D /* Map Tool Items */,
				1409C9CC2EE621DF003166E7 /* Map Annotations */,
			);
			path = Models;
			sourceTree = "<group>";
		};
		14E268F22EC9653800FBCF90 /* Lobby */ = {
			isa = PBXGroup;
			children = (
				140B029D2EC8791E0005EE81 /* CreateLobbyView.swift */,
				140B02A62EC8791E0005EE81 /* JoinLobbyView.swift */,
				140B02A82EC8791E0005EE81 /* LobbyView.swift */,
				140B02A72EC8791E0005EE81 /* LobbySettingsView.swift */,
				140B02AB2EC8791E0005EE81 /* QuickMatchView.swift */,
			);
			path = Lobby;
			sourceTree = "<group>";
		};
		14F2BEB62EC840A100B5F06B = {
			isa = PBXGroup;
			children = (
				140B02AC2EC8791E0005EE81 /* HideAndCSeek50 */,
				142066B02ECBCBB40084F53C /* HideAndCSeek50.app */,
			);
			sourceTree = "<group>";
		};
		DA0A67912EDA4DF900F5A00D /* Map Tool Items */ = {
			isa = PBXGroup;
			children = (
				14990EF92ED9739000DFD3E5 /* CircleOverlayItem.swift */,
				DA0A67922EDA4E1900F5A00D /* DistanceOverlayItem.swift */,
				DA0A678F2EDA434800F5A00D /* BisectorOverlayItem.swift */,
				294366602EDFE95600269F24 /* PolygonOverlayItem.swift */,
				149AB4C52EE2D99A005F7D7E /* PointOverlayItem.swift */,
			);
			path = "Map Tool Items";
			sourceTree = "<group>";
		};
/* End PBXGroup section */

/* Begin PBXNativeTarget section */
		14F2BEBE2EC840A100B5F06B /* HideAndCSeek50 */ = {
			isa = PBXNativeTarget;
			buildConfigurationList = 14F2BECA2EC840A300B5F06B /* Build configuration list for PBXNativeTarget "HideAndCSeek50" */;
			buildPhases = (
				14F2BEBB2EC840A100B5F06B /* Sources */,
				14F2BEBC2EC840A100B5F06B /* Frameworks */,
				14F2BEBD2EC840A100B5F06B /* Resources */,
			);
			buildRules = (
			);
			dependencies = (
			);
			name = HideAndCSeek50;
			packageProductDependencies = (
				14F2BED02EC842A400B5F06B /* FirebaseAuth */,
				14F2BED22EC842A400B5F06B /* FirebaseDatabase */,
				14F2BED42EC842A400B5F06B /* FirebaseMessaging */,
				14F2BED62EC842A400B5F06B /* FirebaseStorage */,
				14F2BEE92EC844D400B5F06B /* GoogleSignIn */,
				14F2BEEB2EC844D400B5F06B /* GoogleSignInSwift */,
				14990EEB2ED9425700DFD3E5 /* BottomSheet */,
			);
			productName = HideAndCSeek50;
			productReference = 142066B02ECBCBB40084F53C /* HideAndCSeek50.app */;
			productType = "com.apple.product-type.application";
		};
/* End PBXNativeTarget section */

/* Begin PBXProject section */
		14F2BEB72EC840A100B5F06B /* Project object */ = {
			isa = PBXProject;
			attributes = {
				BuildIndependentTargetsInParallel = 1;
				LastSwiftUpdateCheck = 2600;
				LastUpgradeCheck = 2610;
				TargetAttributes = {
					14F2BEBE2EC840A100B5F06B = {
						CreatedOnToolsVersion = 26.0.1;
					};
				};
			};
			buildConfigurationList = 14F2BEBA2EC840A100B5F06B /* Build configuration list for PBXProject "HideAndCSeek50" */;
			developmentRegion = en;
			hasScannedForEncodings = 0;
			knownRegions = (
				en,
				Base,
			);
			mainGroup = 14F2BEB62EC840A100B5F06B;
			minimizedProjectReferenceProxies = 1;
			packageReferences = (
				14F2BECF2EC842A400B5F06B /* XCRemoteSwiftPackageReference "firebase-ios-sdk" */,
				14F2BEE82EC844D400B5F06B /* XCRemoteSwiftPackageReference "GoogleSignIn-iOS" */,
				14990EEA2ED9425700DFD3E5 /* XCRemoteSwiftPackageReference "BottomSheet" */,
			);
			preferredProjectObjectVersion = 77;
			productRefGroup = 14F2BEB62EC840A100B5F06B;
			projectDirPath = "";
			projectRoot = "";
			targets = (
				14F2BEBE2EC840A100B5F06B /* HideAndCSeek50 */,
			);
		};
/* End PBXProject section */

/* Begin PBXResourcesBuildPhase section */
		14F2BEBD2EC840A100B5F06B /* Resources */ = {
			isa = PBXResourcesBuildPhase;
			buildActionMask = 2147483647;
			files = (
				14513F9F2EDFF028003FF3EA /* FIREBASE_FUNCTIONS_DEPLOYMENT.md in Resources */,
				147A95122EE9067900BD3CA9 /* QUESTION_REWARD_UPDATES.md in Resources */,
				14990EF62ED9735B00DFD3E5 /* Rapid_Transit_Routes.geojson in Resources */,
				14990EFC2ED973E300DFD3E5 /* ma.json in Resources */,
				14513FA32EDFF078003FF3EA /* FIREBASE_CONSOLE_ACTIONS.md in Resources */,
				14513FA12EDFF056003FF3EA /* NOTIFICATION_SETUP_CHECKLIST.md in Resources */,
				14CD28792EDADC8400EEB66F /* storage.rules in Resources */,
				140B02BF2EC8791E0005EE81 /* Assets.xcassets in Resources */,
				14513FA52EDFF099003FF3EA /* FIREBASE_COMMANDS.md in Resources */,
				140B02C02EC8791E0005EE81 /* GoogleService-Info.plist in Resources */,
				147A95182EE9498300BD3CA9 /* DECK_MIGRATION_SUMMARY.md in Resources */,
			);
			runOnlyForDeploymentPostprocessing = 0;
		};
/* End PBXResourcesBuildPhase section */

/* Begin PBXSourcesBuildPhase section */
		14F2BEBB2EC840A100B5F06B /* Sources */ = {
			isa = PBXSourcesBuildPhase;
			buildActionMask = 2147483647;
			files = (
				294366612EDFE95600269F24 /* PolygonOverlayItem.swift in Sources */,
				14A2BAD72EDEAC6700E4B3C2 /* GameEndView.swift in Sources */,
				1409C9C92EE62158003166E7 /* MunicipalitiesView.swift in Sources */,
				140B02AD2EC8791E0005EE81 /* AuthenticationManager.swift in Sources */,
				1409C9D22EE622A2003166E7 /* BisectorPointAnnotation.swift in Sources */,
				140B02AF2EC8791E0005EE81 /* CreateLobbyView.swift in Sources */,
				140B02B02EC8791E0005EE81 /* GameManager.swift in Sources */,
				149AB4C42EE2A3EE005F7D7E /* MapToolsData.swift in Sources */,
				140B02B22EC8791E0005EE81 /* Game.swift in Sources */,
				147A951A2EEB478200BD3CA9 /* UserManager.swift in Sources */,
				14990EFE2ED97BA500DFD3E5 /* MapToolsSheet.swift in Sources */,
				147A95082EE902FF00BD3CA9 /* Card.swift in Sources */,
				1409C9DE2EE6246D003166E7 /* TimerActionsView.swift in Sources */,
				1409C9D42EE622BF003166E7 /* MeasurePointAnnotation.swift in Sources */,
				14513F912EDFEE30003FF3EA /* NotificationManager.swift in Sources */,
				140B02B32EC8791E0005EE81 /* ActionButton.swift in Sources */,
				14990EF02ED94E0700DFD3E5 /* TransportType.swift in Sources */,
				1474BE7E2ED5165200568A90 /* AuthenticationView.swift in Sources */,
				14990EE92ED93DEA00DFD3E5 /* SearchResultsSheet.swift in Sources */,
				1474BE862ED65F8200568A90 /* MapSearchViewModel.swift in Sources */,
				1474BE7F2ED5165200568A90 /* EmailSignInView.swift in Sources */,
				1474BE802ED5165200568A90 /* ProfileView.swift in Sources */,
				147A950C2EE9033B00BD3CA9 /* HandView.swift in Sources */,
				14990F002ED984F200DFD3E5 /* GameModels+Dictionary.swift in Sources */,
				1409C9CE2EE6221E003166E7 /* PlayerAnnotation.swift in Sources */,
				149AB4C82EE2DA05005F7D7E /* PointToolView.swift in Sources */,
				14990F022ED9878100DFD3E5 /* MapToolsViewModel.swift in Sources */,
				DA0A67932EDA4E1D00F5A00D /* DistanceOverlayItem.swift in Sources */,
				14E268F02EC9649700FBCF90 /* Lobby.swift in Sources */,
				1409C9E62EE625FF003166E7 /* Export+SyncSection.swift in Sources */,
				143B7FE32EDAD1070093A0C6 /* UIImage+Compression.swift in Sources */,
				1474BE742ED5164B00568A90 /* GameChatView.swift in Sources */,
				1474BE752ED5164B00568A90 /* GameMapView.swift in Sources */,
				1409C9C52EE62117003166E7 /* PerpendicularBisectorToolView.swift in Sources */,
				1409C9E82EE62623003166E7 /* SyncMapToolsSheet.swift in Sources */,
				1474BE762ED5164B00568A90 /* GameView.swift in Sources */,
				1409C9E02EE624E9003166E7 /* QuestionCategory.swift in Sources */,
				14990EFA2ED9739000DFD3E5 /* CircleOverlayItem.swift in Sources */,
				1474BE782ED5164B00568A90 /* QuestionView.swift in Sources */,
				1409C9C22EE62050003166E7 /* MKCoordinateRegion+Equality.swift in Sources */,
				143B7FDB2EDAD09E0093A0C6 /* ImagePicker.swift in Sources */,
				DA0A67902EDA434D00F5A00D /* BisectorOverlayItem.swift in Sources */,
				1409C9E42EE625DE003166E7 /* PolygonToolView.swift in Sources */,
				1409C9E22EE62580003166E7 /* MeasureToolView.swift in Sources */,
				14990EF42ED9654F00DFD3E5 /* MKMapItem+Address.swift in Sources */,
				140B02B52EC8791E0005EE81 /* HideAndCSeek50App.swift in Sources */,
				140B02B62EC8791E0005EE81 /* JoinLobbyView.swift in Sources */,
				1409C9D62EE622F5003166E7 /* PolygonVertexAnnotation.swift in Sources */,
				142066B62ECBDE200084F53C /* CityRegions.swift in Sources */,
				149AB4C62EE2D99A005F7D7E /* PointOverlayItem.swift in Sources */,
				142066BA2ECBDFF50084F53C /* LocationManager.swift in Sources */,
				14990EEE2ED94C2F00DFD3E5 /* TransportSelectionSheet.swift in Sources */,
				14E268EE2EC9648000FBCF90 /* Stats+History.swift in Sources */,
				147A951C2EEB4A9200BD3CA9 /* Date+FirebaseTimestamp.swift in Sources */,
				140B02B72EC8791E0005EE81 /* LobbySettingsView.swift in Sources */,
				140B02B82EC8791E0005EE81 /* LobbyView.swift in Sources */,
				1409C9C72EE6213C003166E7 /* TrainLinesView.swift in Sources */,
				140B02B92EC8791E0005EE81 /* MainView.swift in Sources */,
				DAE3F4C42ED695680055DBAB /* DirectionsSheet.swift in Sources */,
				14990F072ED988FF00DFD3E5 /* ChatViewModel.swift in Sources */,
				1409C9D02EE62231003166E7 /* SearchResultAnnotation.swift in Sources */,
				1409C9CB2EE6218C003166E7 /* RadiusToolView.swift in Sources */,
				140B02BB2EC8791E0005EE81 /* QuickMatchView.swift in Sources */,
				1409C9D82EE62416003166E7 /* GameSettingsView.swift in Sources */,
			);
			runOnlyForDeploymentPostprocessing = 0;
		};
/* End PBXSourcesBuildPhase section */

/* Begin XCBuildConfiguration section */
		14F2BEC82EC840A300B5F06B /* Debug */ = {
			isa = XCBuildConfiguration;
			buildSettings = {
				ALWAYS_SEARCH_USER_PATHS = NO;
				ASSETCATALOG_COMPILER_GENERATE_SWIFT_ASSET_SYMBOL_EXTENSIONS = YES;
				CLANG_ANALYZER_NONNULL = YES;
				CLANG_ANALYZER_NUMBER_OBJECT_CONVERSION = YES_AGGRESSIVE;
				CLANG_CXX_LANGUAGE_STANDARD = "gnu++20";
				CLANG_ENABLE_MODULES = YES;
				CLANG_ENABLE_OBJC_ARC = YES;
				CLANG_ENABLE_OBJC_WEAK = YES;
				CLANG_WARN_BLOCK_CAPTURE_AUTORELEASING = YES;
				CLANG_WARN_BOOL_CONVERSION = YES;
				CLANG_WARN_COMMA = YES;
				CLANG_WARN_CONSTANT_CONVERSION = YES;
				CLANG_WARN_DEPRECATED_OBJC_IMPLEMENTATIONS = YES;
				CLANG_WARN_DIRECT_OBJC_ISA_USAGE = YES_ERROR;
				CLANG_WARN_DOCUMENTATION_COMMENTS = YES;
				CLANG_WARN_EMPTY_BODY = YES;
				CLANG_WARN_ENUM_CONVERSION = YES;
				CLANG_WARN_INFINITE_RECURSION = YES;
				CLANG_WARN_INT_CONVERSION = YES;
				CLANG_WARN_NON_LITERAL_NULL_CONVERSION = YES;
				CLANG_WARN_OBJC_IMPLICIT_RETAIN_SELF = YES;
				CLANG_WARN_OBJC_LITERAL_CONVERSION = YES;
				CLANG_WARN_OBJC_ROOT_CLASS = YES_ERROR;
				CLANG_WARN_QUOTED_INCLUDE_IN_FRAMEWORK_HEADER = YES;
				CLANG_WARN_RANGE_LOOP_ANALYSIS = YES;
				CLANG_WARN_STRICT_PROTOTYPES = YES;
				CLANG_WARN_SUSPICIOUS_MOVE = YES;
				CLANG_WARN_UNGUARDED_AVAILABILITY = YES_AGGRESSIVE;
				CLANG_WARN_UNREACHABLE_CODE = YES;
				CLANG_WARN__DUPLICATE_METHOD_MATCH = YES;
				COPY_PHASE_STRIP = NO;
				DEBUG_INFORMATION_FORMAT = dwarf;
				DEVELOPMENT_TEAM = RGM9JAFXFM;
				ENABLE_STRICT_OBJC_MSGSEND = YES;
				ENABLE_TESTABILITY = YES;
				ENABLE_USER_SCRIPT_SANDBOXING = YES;
				GCC_C_LANGUAGE_STANDARD = gnu17;
				GCC_DYNAMIC_NO_PIC = NO;
				GCC_NO_COMMON_BLOCKS = YES;
				GCC_OPTIMIZATION_LEVEL = 0;
				GCC_PREPROCESSOR_DEFINITIONS = (
					"DEBUG=1",
					"$(inherited)",
				);
				GCC_WARN_64_TO_32_BIT_CONVERSION = YES;
				GCC_WARN_ABOUT_RETURN_TYPE = YES_ERROR;
				GCC_WARN_UNDECLARED_SELECTOR = YES;
				GCC_WARN_UNINITIALIZED_AUTOS = YES_AGGRESSIVE;
				GCC_WARN_UNUSED_FUNCTION = YES;
				GCC_WARN_UNUSED_VARIABLE = YES;
				IPHONEOS_DEPLOYMENT_TARGET = 26.0;
				LOCALIZATION_PREFERS_STRING_CATALOGS = YES;
				MTL_ENABLE_DEBUG_INFO = INCLUDE_SOURCE;
				MTL_FAST_MATH = YES;
				ONLY_ACTIVE_ARCH = YES;
				SDKROOT = iphoneos;
				STRING_CATALOG_GENERATE_SYMBOLS = YES;
				SWIFT_ACTIVE_COMPILATION_CONDITIONS = "DEBUG $(inherited)";
				SWIFT_OPTIMIZATION_LEVEL = "-Onone";
			};
			name = Debug;
		};
		14F2BEC92EC840A300B5F06B /* Release */ = {
			isa = XCBuildConfiguration;
			buildSettings = {
				ALWAYS_SEARCH_USER_PATHS = NO;
				ASSETCATALOG_COMPILER_GENERATE_SWIFT_ASSET_SYMBOL_EXTENSIONS = YES;
				CLANG_ANALYZER_NONNULL = YES;
				CLANG_ANALYZER_NUMBER_OBJECT_CONVERSION = YES_AGGRESSIVE;
				CLANG_CXX_LANGUAGE_STANDARD = "gnu++20";
				CLANG_ENABLE_MODULES = YES;
				CLANG_ENABLE_OBJC_ARC = YES;
				CLANG_ENABLE_OBJC_WEAK = YES;
				CLANG_WARN_BLOCK_CAPTURE_AUTORELEASING = YES;
				CLANG_WARN_BOOL_CONVERSION = YES;
				CLANG_WARN_COMMA = YES;
				CLANG_WARN_CONSTANT_CONVERSION = YES;
				CLANG_WARN_DEPRECATED_OBJC_IMPLEMENTATIONS = YES;
				CLANG_WARN_DIRECT_OBJC_ISA_USAGE = YES_ERROR;
				CLANG_WARN_DOCUMENTATION_COMMENTS = YES;
				CLANG_WARN_EMPTY_BODY = YES;
				CLANG_WARN_ENUM_CONVERSION = YES;
				CLANG_WARN_INFINITE_RECURSION = YES;
				CLANG_WARN_INT_CONVERSION = YES;
				CLANG_WARN_NON_LITERAL_NULL_CONVERSION = YES;
				CLANG_WARN_OBJC_IMPLICIT_RETAIN_SELF = YES;
				CLANG_WARN_OBJC_LITERAL_CONVERSION = YES;
				CLANG_WARN_OBJC_ROOT_CLASS = YES_ERROR;
				CLANG_WARN_QUOTED_INCLUDE_IN_FRAMEWORK_HEADER = YES;
				CLANG_WARN_RANGE_LOOP_ANALYSIS = YES;
				CLANG_WARN_STRICT_PROTOTYPES = YES;
				CLANG_WARN_SUSPICIOUS_MOVE = YES;
				CLANG_WARN_UNGUARDED_AVAILABILITY = YES_AGGRESSIVE;
				CLANG_WARN_UNREACHABLE_CODE = YES;
				CLANG_WARN__DUPLICATE_METHOD_MATCH = YES;
				COPY_PHASE_STRIP = NO;
				DEBUG_INFORMATION_FORMAT = "dwarf-with-dsym";
				DEVELOPMENT_TEAM = RGM9JAFXFM;
				ENABLE_NS_ASSERTIONS = NO;
				ENABLE_STRICT_OBJC_MSGSEND = YES;
				ENABLE_USER_SCRIPT_SANDBOXING = YES;
				GCC_C_LANGUAGE_STANDARD = gnu17;
				GCC_NO_COMMON_BLOCKS = YES;
				GCC_WARN_64_TO_32_BIT_CONVERSION = YES;
				GCC_WARN_ABOUT_RETURN_TYPE = YES_ERROR;
				GCC_WARN_UNDECLARED_SELECTOR = YES;
				GCC_WARN_UNINITIALIZED_AUTOS = YES_AGGRESSIVE;
				GCC_WARN_UNUSED_FUNCTION = YES;
				GCC_WARN_UNUSED_VARIABLE = YES;
				IPHONEOS_DEPLOYMENT_TARGET = 26.0;
				LOCALIZATION_PREFERS_STRING_CATALOGS = YES;
				MTL_ENABLE_DEBUG_INFO = NO;
				MTL_FAST_MATH = YES;
				SDKROOT = iphoneos;
				STRING_CATALOG_GENERATE_SYMBOLS = YES;
				SWIFT_COMPILATION_MODE = wholemodule;
				VALIDATE_PRODUCT = YES;
			};
			name = Release;
		};
		14F2BECB2EC840A300B5F06B /* Debug */ = {
			isa = XCBuildConfiguration;
			buildSettings = {
				ASSETCATALOG_COMPILER_APPICON_NAME = AppIcon;
				ASSETCATALOG_COMPILER_GLOBAL_ACCENT_COLOR_NAME = AccentColor;
				CODE_SIGN_ENTITLEMENTS = HideAndCSeek50/HideAndCSeek50.entitlements;
				CODE_SIGN_STYLE = Automatic;
				CURRENT_PROJECT_VERSION = 1;
				DEVELOPMENT_TEAM = RGM9JAFXFM;
				ENABLE_PREVIEWS = YES;
				GENERATE_INFOPLIST_FILE = NO;
				INFOPLIST_FILE = HideAndCSeek50/Resources/Info.plist;
				INFOPLIST_KEY_UIApplicationSceneManifest_Generation = YES;
				INFOPLIST_KEY_UIApplicationSupportsIndirectInputEvents = YES;
				INFOPLIST_KEY_UILaunchScreen_Generation = YES;
				INFOPLIST_KEY_UISupportedInterfaceOrientations_iPad = "UIInterfaceOrientationPortrait UIInterfaceOrientationPortraitUpsideDown UIInterfaceOrientationLandscapeLeft UIInterfaceOrientationLandscapeRight";
				INFOPLIST_KEY_UISupportedInterfaceOrientations_iPhone = "UIInterfaceOrientationPortrait UIInterfaceOrientationLandscapeLeft UIInterfaceOrientationLandscapeRight";
				LD_RUNPATH_SEARCH_PATHS = (
					"$(inherited)",
					"@executable_path/Frameworks",
				);
				MARKETING_VERSION = 1.0;
				PRODUCT_BUNDLE_IDENTIFIER = com.NoahBrauner.HideAndSeek;
				PRODUCT_NAME = "$(TARGET_NAME)";
				STRING_CATALOG_GENERATE_SYMBOLS = YES;
				SWIFT_APPROACHABLE_CONCURRENCY = YES;
				SWIFT_DEFAULT_ACTOR_ISOLATION = MainActor;
				SWIFT_EMIT_LOC_STRINGS = YES;
				SWIFT_UPCOMING_FEATURE_MEMBER_IMPORT_VISIBILITY = YES;
				SWIFT_VERSION = 5.0;
				TARGETED_DEVICE_FAMILY = "1,2";
			};
			name = Debug;
		};
		14F2BECC2EC840A300B5F06B /* Release */ = {
			isa = XCBuildConfiguration;
			buildSettings = {
				ASSETCATALOG_COMPILER_APPICON_NAME = AppIcon;
				ASSETCATALOG_COMPILER_GLOBAL_ACCENT_COLOR_NAME = AccentColor;
				CODE_SIGN_ENTITLEMENTS = HideAndCSeek50/HideAndCSeek50.entitlements;
				CODE_SIGN_STYLE = Automatic;
				CURRENT_PROJECT_VERSION = 1;
				DEVELOPMENT_TEAM = RGM9JAFXFM;
				ENABLE_PREVIEWS = YES;
				GENERATE_INFOPLIST_FILE = NO;
				INFOPLIST_FILE = HideAndCSeek50/Resources/Info.plist;
				INFOPLIST_KEY_UIApplicationSceneManifest_Generation = YES;
				INFOPLIST_KEY_UIApplicationSupportsIndirectInputEvents = YES;
				INFOPLIST_KEY_UILaunchScreen_Generation = YES;
				INFOPLIST_KEY_UISupportedInterfaceOrientations_iPad = "UIInterfaceOrientationPortrait UIInterfaceOrientationPortraitUpsideDown UIInterfaceOrientationLandscapeLeft UIInterfaceOrientationLandscapeRight";
				INFOPLIST_KEY_UISupportedInterfaceOrientations_iPhone = "UIInterfaceOrientationPortrait UIInterfaceOrientationLandscapeLeft UIInterfaceOrientationLandscapeRight";
				LD_RUNPATH_SEARCH_PATHS = (
					"$(inherited)",
					"@executable_path/Frameworks",
				);
				MARKETING_VERSION = 1.0;
				PRODUCT_BUNDLE_IDENTIFIER = com.NoahBrauner.HideAndSeek;
				PRODUCT_NAME = "$(TARGET_NAME)";
				STRING_CATALOG_GENERATE_SYMBOLS = YES;
				SWIFT_APPROACHABLE_CONCURRENCY = YES;
				SWIFT_DEFAULT_ACTOR_ISOLATION = MainActor;
				SWIFT_EMIT_LOC_STRINGS = YES;
				SWIFT_UPCOMING_FEATURE_MEMBER_IMPORT_VISIBILITY = YES;
				SWIFT_VERSION = 5.0;
				TARGETED_DEVICE_FAMILY = "1,2";
			};
			name = Release;
		};
/* End XCBuildConfiguration section */

/* Begin XCConfigurationList section */
		14F2BEBA2EC840A100B5F06B /* Build configuration list for PBXProject "HideAndCSeek50" */ = {
			isa = XCConfigurationList;
			buildConfigurations = (
				14F2BEC82EC840A300B5F06B /* Debug */,
				14F2BEC92EC840A300B5F06B /* Release */,
			);
			defaultConfigurationIsVisible = 0;
			defaultConfigurationName = Release;
		};
		14F2BECA2EC840A300B5F06B /* Build configuration list for PBXNativeTarget "HideAndCSeek50" */ = {
			isa = XCConfigurationList;
			buildConfigurations = (
				14F2BECB2EC840A300B5F06B /* Debug */,
				14F2BECC2EC840A300B5F06B /* Release */,
			);
			defaultConfigurationIsVisible = 0;
			defaultConfigurationName = Release;
		};
/* End XCConfigurationList section */

/* Begin XCRemoteSwiftPackageReference section */
		14990EEA2ED9425700DFD3E5 /* XCRemoteSwiftPackageReference "BottomSheet" */ = {
			isa = XCRemoteSwiftPackageReference;
			repositoryURL = "https://github.com/lucaszischka/BottomSheet";
			requirement = {
				kind = upToNextMajorVersion;
				minimumVersion = 3.1.1;
			};
		};
		14F2BECF2EC842A400B5F06B /* XCRemoteSwiftPackageReference "firebase-ios-sdk" */ = {
			isa = XCRemoteSwiftPackageReference;
			repositoryURL = "https://github.com/firebase/firebase-ios-sdk";
			requirement = {
				kind = upToNextMajorVersion;
				minimumVersion = 12.6.0;
			};
		};
		14F2BEE82EC844D400B5F06B /* XCRemoteSwiftPackageReference "GoogleSignIn-iOS" */ = {
			isa = XCRemoteSwiftPackageReference;
			repositoryURL = "https://github.com/google/GoogleSignIn-iOS";
			requirement = {
				kind = upToNextMajorVersion;
				minimumVersion = 9.0.0;
			};
		};
/* End XCRemoteSwiftPackageReference section */

/* Begin XCSwiftPackageProductDependency section */
		14990EEB2ED9425700DFD3E5 /* BottomSheet */ = {
			isa = XCSwiftPackageProductDependency;
			package = 14990EEA2ED9425700DFD3E5 /* XCRemoteSwiftPackageReference "BottomSheet" */;
			productName = BottomSheet;
		};
		14F2BED02EC842A400B5F06B /* FirebaseAuth */ = {
			isa = XCSwiftPackageProductDependency;
			package = 14F2BECF2EC842A400B5F06B /* XCRemoteSwiftPackageReference "firebase-ios-sdk" */;
			productName = FirebaseAuth;
		};
		14F2BED22EC842A400B5F06B /* FirebaseDatabase */ = {
			isa = XCSwiftPackageProductDependency;
			package = 14F2BECF2EC842A400B5F06B /* XCRemoteSwiftPackageReference "firebase-ios-sdk" */;
			productName = FirebaseDatabase;
		};
		14F2BED42EC842A400B5F06B /* FirebaseMessaging */ = {
			isa = XCSwiftPackageProductDependency;
			package = 14F2BECF2EC842A400B5F06B /* XCRemoteSwiftPackageReference "firebase-ios-sdk" */;
			productName = FirebaseMessaging;
		};
		14F2BED62EC842A400B5F06B /* FirebaseStorage */ = {
			isa = XCSwiftPackageProductDependency;
			package = 14F2BECF2EC842A400B5F06B /* XCRemoteSwiftPackageReference "firebase-ios-sdk" */;
			productName = FirebaseStorage;
		};
		14F2BEE92EC844D400B5F06B /* GoogleSignIn */ = {
			isa = XCSwiftPackageProductDependency;
			package = 14F2BEE82EC844D400B5F06B /* XCRemoteSwiftPackageReference "GoogleSignIn-iOS" */;
			productName = GoogleSignIn;
		};
		14F2BEEB2EC844D400B5F06B /* GoogleSignInSwift */ = {
			isa = XCSwiftPackageProductDependency;
			package = 14F2BEE82EC844D400B5F06B /* XCRemoteSwiftPackageReference "GoogleSignIn-iOS" */;
			productName = GoogleSignInSwift;
		};
/* End XCSwiftPackageProductDependency section */
	};
	rootObject = 14F2BEB72EC840A100B5F06B /* Project object */;
}
